// !$*UTF8*$!
{
	archiveVersion = 1;
	classes = {
	};
	objectVersion = 48;
	objects = {

/* Begin PBXBuildFile section */
		BFCC74481F7595B000710D72 /* AppDelegate.swift in Sources */ = {isa = PBXBuildFile; fileRef = BFCC74471F7595B000710D72 /* AppDelegate.swift */; };
		BFCC744A1F7595B000710D72 /* ViewController.swift in Sources */ = {isa = PBXBuildFile; fileRef = BFCC74491F7595B000710D72 /* ViewController.swift */; };
		BFCC744D1F7595B000710D72 /* Main.storyboard in Resources */ = {isa = PBXBuildFile; fileRef = BFCC744B1F7595B000710D72 /* Main.storyboard */; };
		BFCC744F1F7595B000710D72 /* Assets.xcassets in Resources */ = {isa = PBXBuildFile; fileRef = BFCC744E1F7595B000710D72 /* Assets.xcassets */; };
		BFCC74521F7595B000710D72 /* LaunchScreen.storyboard in Resources */ = {isa = PBXBuildFile; fileRef = BFCC74501F7595B000710D72 /* LaunchScreen.storyboard */; };
		BFCC745D1F7595B000710D72 /* AudioDemo1Tests.swift in Sources */ = {isa = PBXBuildFile; fileRef = BFCC745C1F7595B000710D72 /* AudioDemo1Tests.swift */; };
		BFCC74681F7595B000710D72 /* AudioDemo1UITests.swift in Sources */ = {isa = PBXBuildFile; fileRef = BFCC74671F7595B000710D72 /* AudioDemo1UITests.swift */; };
		BFCC74771F75B3EF00710D72 /* UICustomButton.swift in Sources */ = {isa = PBXBuildFile; fileRef = BFCC74761F75B3EF00710D72 /* UICustomButton.swift */; };
/* End PBXBuildFile section */

/* Begin PBXContainerItemProxy section */
		BFCC74591F7595B000710D72 /* PBXContainerItemProxy */ = {
			isa = PBXContainerItemProxy;
			containerPortal = BFCC743C1F7595B000710D72 /* Project object */;
			proxyType = 1;
			remoteGlobalIDString = BFCC74431F7595B000710D72;
			remoteInfo = AudioDemo1;
		};
		BFCC74641F7595B000710D72 /* PBXContainerItemProxy */ = {
			isa = PBXContainerItemProxy;
			containerPortal = BFCC743C1F7595B000710D72 /* Project object */;
			proxyType = 1;
			remoteGlobalIDString = BFCC74431F7595B000710D72;
			remoteInfo = AudioDemo1;
		};
/* End PBXContainerItemProxy section */

/* Begin PBXFileReference section */
		BFCC74441F7595B000710D72 /* AudioDemo1.app */ = {isa = PBXFileReference; explicitFileType = wrapper.application; includeInIndex = 0; path = AudioDemo1.app; sourceTree = BUILT_PRODUCTS_DIR; };
		BFCC74471F7595B000710D72 /* AppDelegate.swift */ = {isa = PBXFileReference; lastKnownFileType = sourcecode.swift; path = AppDelegate.swift; sourceTree = "<group>"; };
		BFCC74491F7595B000710D72 /* ViewController.swift */ = {isa = PBXFileReference; lastKnownFileType = sourcecode.swift; path = ViewController.swift; sourceTree = "<group>"; };
		BFCC744C1F7595B000710D72 /* Base */ = {isa = PBXFileReference; lastKnownFileType = file.storyboard; name = Base; path = Base.lproj/Main.storyboard; sourceTree = "<group>"; };
		BFCC744E1F7595B000710D72 /* Assets.xcassets */ = {isa = PBXFileReference; lastKnownFileType = folder.assetcatalog; path = Assets.xcassets; sourceTree = "<group>"; };
		BFCC74511F7595B000710D72 /* Base */ = {isa = PBXFileReference; lastKnownFileType = file.storyboard; name = Base; path = Base.lproj/LaunchScreen.storyboard; sourceTree = "<group>"; };
		BFCC74531F7595B000710D72 /* Info.plist */ = {isa = PBXFileReference; lastKnownFileType = text.plist.xml; path = Info.plist; sourceTree = "<group>"; };
		BFCC74581F7595B000710D72 /* AudioDemo1Tests.xctest */ = {isa = PBXFileReference; explicitFileType = wrapper.cfbundle; includeInIndex = 0; path = AudioDemo1Tests.xctest; sourceTree = BUILT_PRODUCTS_DIR; };
		BFCC745C1F7595B000710D72 /* AudioDemo1Tests.swift */ = {isa = PBXFileReference; lastKnownFileType = sourcecode.swift; path = AudioDemo1Tests.swift; sourceTree = "<group>"; };
		BFCC745E1F7595B000710D72 /* Info.plist */ = {isa = PBXFileReference; lastKnownFileType = text.plist.xml; path = Info.plist; sourceTree = "<group>"; };
		BFCC74631F7595B000710D72 /* AudioDemo1UITests.xctest */ = {isa = PBXFileReference; explicitFileType = wrapper.cfbundle; includeInIndex = 0; path = AudioDemo1UITests.xctest; sourceTree = BUILT_PRODUCTS_DIR; };
		BFCC74671F7595B000710D72 /* AudioDemo1UITests.swift */ = {isa = PBXFileReference; lastKnownFileType = sourcecode.swift; path = AudioDemo1UITests.swift; sourceTree = "<group>"; };
		BFCC74691F7595B000710D72 /* Info.plist */ = {isa = PBXFileReference; lastKnownFileType = text.plist.xml; path = Info.plist; sourceTree = "<group>"; };
		BFCC74751F75B38F00710D72 /* slide-magic.aif */ = {isa = PBXFileReference; lastKnownFileType = file; path = "slide-magic.aif"; sourceTree = "<group>"; };
		BFCC74761F75B3EF00710D72 /* UICustomButton.swift */ = {isa = PBXFileReference; lastKnownFileType = sourcecode.swift; path = UICustomButton.swift; sourceTree = "<group>"; };
/* End PBXFileReference section */

/* Begin PBXFrameworksBuildPhase section */
		BFCC74411F7595B000710D72 /* Frameworks */ = {
			isa = PBXFrameworksBuildPhase;
			buildActionMask = 2147483647;
			files = (
			);
			runOnlyForDeploymentPostprocessing = 0;
		};
		BFCC74551F7595B000710D72 /* Frameworks */ = {
			isa = PBXFrameworksBuildPhase;
			buildActionMask = 2147483647;
			files = (
			);
			runOnlyForDeploymentPostprocessing = 0;
		};
		BFCC74601F7595B000710D72 /* Frameworks */ = {
			isa = PBXFrameworksBuildPhase;
			buildActionMask = 2147483647;
			files = (
			);
			runOnlyForDeploymentPostprocessing = 0;
		};
/* End PBXFrameworksBuildPhase section */

/* Begin PBXGroup section */
		BFCC743B1F7595B000710D72 = {
			isa = PBXGroup;
			children = (
				BFCC74461F7595B000710D72 /* AudioDemo1 */,
				BFCC745B1F7595B000710D72 /* AudioDemo1Tests */,
				BFCC74661F7595B000710D72 /* AudioDemo1UITests */,
				BFCC74451F7595B000710D72 /* Products */,
			);
			sourceTree = "<group>";
		};
		BFCC74451F7595B000710D72 /* Products */ = {
			isa = PBXGroup;
			children = (
				BFCC74441F7595B000710D72 /* AudioDemo1.app */,
				BFCC74581F7595B000710D72 /* AudioDemo1Tests.xctest */,
				BFCC74631F7595B000710D72 /* AudioDemo1UITests.xctest */,
			);
			name = Products;
			sourceTree = "<group>";
		};
		BFCC74461F7595B000710D72 /* AudioDemo1 */ = {
			isa = PBXGroup;
			children = (
				BFCC74471F7595B000710D72 /* AppDelegate.swift */,
				BFCC74491F7595B000710D72 /* ViewController.swift */,
				BFCC744B1F7595B000710D72 /* Main.storyboard */,
				BFCC744E1F7595B000710D72 /* Assets.xcassets */,
				BFCC74501F7595B000710D72 /* LaunchScreen.storyboard */,
				BFCC74531F7595B000710D72 /* Info.plist */,
				BFCC74751F75B38F00710D72 /* slide-magic.aif */,
				BFCC74761F75B3EF00710D72 /* UICustomButton.swift */,
			);
			path = AudioDemo1;
			sourceTree = "<group>";
		};
		BFCC745B1F7595B000710D72 /* AudioDemo1Tests */ = {
			isa = PBXGroup;
			children = (
				BFCC745C1F7595B000710D72 /* AudioDemo1Tests.swift */,
				BFCC745E1F7595B000710D72 /* Info.plist */,
			);
			path = AudioDemo1Tests;
			sourceTree = "<group>";
		};
		BFCC74661F7595B000710D72 /* AudioDemo1UITests */ = {
			isa = PBXGroup;
			children = (
				BFCC74671F7595B000710D72 /* AudioDemo1UITests.swift */,
				BFCC74691F7595B000710D72 /* Info.plist */,
			);
			path = AudioDemo1UITests;
			sourceTree = "<group>";
		};
/* End PBXGroup section */

/* Begin PBXNativeTarget section */
		BFCC74431F7595B000710D72 /* AudioDemo1 */ = {
			isa = PBXNativeTarget;
			buildConfigurationList = BFCC746C1F7595B000710D72 /* Build configuration list for PBXNativeTarget "AudioDemo1" */;
			buildPhases = (
				BFCC74401F7595B000710D72 /* Sources */,
				BFCC74411F7595B000710D72 /* Frameworks */,
				BFCC74421F7595B000710D72 /* Resources */,
			);
			buildRules = (
			);
			dependencies = (
			);
			name = AudioDemo1;
			productName = AudioDemo1;
			productReference = BFCC74441F7595B000710D72 /* AudioDemo1.app */;
			productType = "com.apple.product-type.application";
		};
		BFCC74571F7595B000710D72 /* AudioDemo1Tests */ = {
			isa = PBXNativeTarget;
			buildConfigurationList = BFCC746F1F7595B000710D72 /* Build configuration list for PBXNativeTarget "AudioDemo1Tests" */;
			buildPhases = (
				BFCC74541F7595B000710D72 /* Sources */,
				BFCC74551F7595B000710D72 /* Frameworks */,
				BFCC74561F7595B000710D72 /* Resources */,
			);
			buildRules = (
			);
			dependencies = (
				BFCC745A1F7595B000710D72 /* PBXTargetDependency */,
			);
			name = AudioDemo1Tests;
			productName = AudioDemo1Tests;
			productReference = BFCC74581F7595B000710D72 /* AudioDemo1Tests.xctest */;
			productType = "com.apple.product-type.bundle.unit-test";
		};
		BFCC74621F7595B000710D72 /* AudioDemo1UITests */ = {
			isa = PBXNativeTarget;
			buildConfigurationList = BFCC74721F7595B000710D72 /* Build configuration list for PBXNativeTarget "AudioDemo1UITests" */;
			buildPhases = (
				BFCC745F1F7595B000710D72 /* Sources */,
				BFCC74601F7595B000710D72 /* Frameworks */,
				BFCC74611F7595B000710D72 /* Resources */,
			);
			buildRules = (
			);
			dependencies = (
				BFCC74651F7595B000710D72 /* PBXTargetDependency */,
			);
			name = AudioDemo1UITests;
			productName = AudioDemo1UITests;
			productReference = BFCC74631F7595B000710D72 /* AudioDemo1UITests.xctest */;
			productType = "com.apple.product-type.bundle.ui-testing";
		};
/* End PBXNativeTarget section */

/* Begin PBXProject section */
		BFCC743C1F7595B000710D72 /* Project object */ = {
			isa = PBXProject;
			attributes = {
				LastSwiftUpdateCheck = 0900;
				LastUpgradeCheck = 0900;
				ORGANIZATIONNAME = Betalantz;
				TargetAttributes = {
					BFCC74431F7595B000710D72 = {
						CreatedOnToolsVersion = 9.0;
						ProvisioningStyle = Automatic;
					};
					BFCC74571F7595B000710D72 = {
						CreatedOnToolsVersion = 9.0;
						ProvisioningStyle = Automatic;
						TestTargetID = BFCC74431F7595B000710D72;
					};
					BFCC74621F7595B000710D72 = {
						CreatedOnToolsVersion = 9.0;
						ProvisioningStyle = Automatic;
						TestTargetID = BFCC74431F7595B000710D72;
					};
				};
			};
			buildConfigurationList = BFCC743F1F7595B000710D72 /* Build configuration list for PBXProject "AudioDemo1" */;
			compatibilityVersion = "Xcode 8.0";
			developmentRegion = en;
			hasScannedForEncodings = 0;
			knownRegions = (
				en,
				Base,
			);
			mainGroup = BFCC743B1F7595B000710D72;
			productRefGroup = BFCC74451F7595B000710D72 /* Products */;
			projectDirPath = "";
			projectRoot = "";
			targets = (
				BFCC74431F7595B000710D72 /* AudioDemo1 */,
				BFCC74571F7595B000710D72 /* AudioDemo1Tests */,
				BFCC74621F7595B000710D72 /* AudioDemo1UITests */,
			);
		};
/* End PBXProject section */

/* Begin PBXResourcesBuildPhase section */
		BFCC74421F7595B000710D72 /* Resources */ = {
			isa = PBXResourcesBuildPhase;
			buildActionMask = 2147483647;
			files = (
				BFCC74521F7595B000710D72 /* LaunchScreen.storyboard in Resources */,
				BFCC744F1F7595B000710D72 /* Assets.xcassets in Resources */,
				BFCC744D1F7595B000710D72 /* Main.storyboard in Resources */,
			);
			runOnlyForDeploymentPostprocessing = 0;
		};
		BFCC74561F7595B000710D72 /* Resources */ = {
			isa = PBXResourcesBuildPhase;
			buildActionMask = 2147483647;
			files = (
			);
			runOnlyForDeploymentPostprocessing = 0;
		};
		BFCC74611F7595B000710D72 /* Resources */ = {
			isa = PBXResourcesBuildPhase;
			buildActionMask = 2147483647;
			files = (
			);
			runOnlyForDeploymentPostprocessing = 0;
		};
/* End PBXResourcesBuildPhase section */

/* Begin PBXSourcesBuildPhase section */
		BFCC74401F7595B000710D72 /* Sources */ = {
			isa = PBXSourcesBuildPhase;
			buildActionMask = 2147483647;
			files = (
				BFCC74771F75B3EF00710D72 /* UICustomButton.swift in Sources */,
				BFCC744A1F7595B000710D72 /* ViewController.swift in Sources */,
				BFCC74481F7595B000710D72 /* AppDelegate.swift in Sources */,
			);
			runOnlyForDeploymentPostprocessing = 0;
		};
		BFCC74541F7595B000710D72 /* Sources */ = {
			isa = PBXSourcesBuildPhase;
			buildActionMask = 2147483647;
			files = (
				BFCC745D1F7595B000710D72 /* AudioDemo1Tests.swift in Sources */,
			);
			runOnlyForDeploymentPostprocessing = 0;
		};
		BFCC745F1F7595B000710D72 /* Sources */ = {
			isa = PBXSourcesBuildPhase;
			buildActionMask = 2147483647;
			files = (
				BFCC74681F7595B000710D72 /* AudioDemo1UITests.swift in Sources */,
			);
			runOnlyForDeploymentPostprocessing = 0;
		};
/* End PBXSourcesBuildPhase section */

/* Begin PBXTargetDependency section */
		BFCC745A1F7595B000710D72 /* PBXTargetDependency */ = {
			isa = PBXTargetDependency;
			target = BFCC74431F7595B000710D72 /* AudioDemo1 */;
			targetProxy = BFCC74591F7595B000710D72 /* PBXContainerItemProxy */;
		};
		BFCC74651F7595B000710D72 /* PBXTargetDependency */ = {
			isa = PBXTargetDependency;
			target = BFCC74431F7595B000710D72 /* AudioDemo1 */;
			targetProxy = BFCC74641F7595B000710D72 /* PBXContainerItemProxy */;
		};
/* End PBXTargetDependency section */

/* Begin PBXVariantGroup section */
		BFCC744B1F7595B000710D72 /* Main.storyboard */ = {
			isa = PBXVariantGroup;
			children = (
				BFCC744C1F7595B000710D72 /* Base */,
			);
			name = Main.storyboard;
			sourceTree = "<group>";
		};
		BFCC74501F7595B000710D72 /* LaunchScreen.storyboard */ = {
			isa = PBXVariantGroup;
			children = (
				BFCC74511F7595B000710D72 /* Base */,
			);
			name = LaunchScreen.storyboard;
			sourceTree = "<group>";
		};
/* End PBXVariantGroup section */

/* Begin XCBuildConfiguration section */
		BFCC746A1F7595B000710D72 /* Debug */ = {
			isa = XCBuildConfiguration;
			buildSettings = {
				ALWAYS_SEARCH_USER_PATHS = NO;
				CLANG_ANALYZER_NONNULL = YES;
				CLANG_ANALYZER_NUMBER_OBJECT_CONVERSION = YES_AGGRESSIVE;
				CLANG_CXX_LANGUAGE_STANDARD = "gnu++14";
				CLANG_CXX_LIBRARY = "libc++";
				CLANG_ENABLE_MODULES = YES;
				CLANG_ENABLE_OBJC_ARC = YES;
				CLANG_WARN_BLOCK_CAPTURE_AUTORELEASING = YES;
				CLANG_WARN_BOOL_CONVERSION = YES;
				CLANG_WARN_COMMA = YES;
				CLANG_WARN_CONSTANT_CONVERSION = YES;
				CLANG_WARN_DIRECT_OBJC_ISA_USAGE = YES_ERROR;
				CLANG_WARN_DOCUMENTATION_COMMENTS = YES;
				CLANG_WARN_EMPTY_BODY = YES;
				CLANG_WARN_ENUM_CONVERSION = YES;
				CLANG_WARN_INFINITE_RECURSION = YES;
				CLANG_WARN_INT_CONVERSION = YES;
				CLANG_WARN_NON_LITERAL_NULL_CONVERSION = YES;
				CLANG_WARN_OBJC_LITERAL_CONVERSION = YES;
				CLANG_WARN_OBJC_ROOT_CLASS = YES_ERROR;
				CLANG_WARN_RANGE_LOOP_ANALYSIS = YES;
				CLANG_WARN_STRICT_PROTOTYPES = YES;
				CLANG_WARN_SUSPICIOUS_MOVE = YES;
				CLANG_WARN_UNGUARDED_AVAILABILITY = YES_AGGRESSIVE;
				CLANG_WARN_UNREACHABLE_CODE = YES;
				CLANG_WARN__DUPLICATE_METHOD_MATCH = YES;
				CODE_SIGN_IDENTITY = "iPhone Developer";
				COPY_PHASE_STRIP = NO;
				DEBUG_INFORMATION_FORMAT = dwarf;
				ENABLE_STRICT_OBJC_MSGSEND = YES;
				ENABLE_TESTABILITY = YES;
				GCC_C_LANGUAGE_STANDARD = gnu11;
				GCC_DYNAMIC_NO_PIC = NO;
				GCC_NO_COMMON_BLOCKS = YES;
				GCC_OPTIMIZATION_LEVEL = 0;
				GCC_PREPROCESSOR_DEFINITIONS = (
					"DEBUG=1",
					"$(inherited)",
				);
				GCC_WARN_64_TO_32_BIT_CONVERSION = YES;
				GCC_WARN_ABOUT_RETURN_TYPE = YES_ERROR;
				GCC_WARN_UNDECLARED_SELECTOR = YES;
				GCC_WARN_UNINITIALIZED_AUTOS = YES_AGGRESSIVE;
				GCC_WARN_UNUSED_FUNCTION = YES;
				GCC_WARN_UNUSED_VARIABLE = YES;
				IPHONEOS_DEPLOYMENT_TARGET = 11.0;
				MTL_ENABLE_DEBUG_INFO = YES;
				ONLY_ACTIVE_ARCH = YES;
				SDKROOT = iphoneos;
				SWIFT_ACTIVE_COMPILATION_CONDITIONS = DEBUG;
				SWIFT_OPTIMIZATION_LEVEL = "-Onone";
			};
			name = Debug;
		};
		BFCC746B1F7595B000710D72 /* Release */ = {
			isa = XCBuildConfiguration;
			buildSettings = {
				ALWAYS_SEARCH_USER_PATHS = NO;
				CLANG_ANALYZER_NONNULL = YES;
				CLANG_ANALYZER_NUMBER_OBJECT_CONVERSION = YES_AGGRESSIVE;
				CLANG_CXX_LANGUAGE_STANDARD = "gnu++14";
				CLANG_CXX_LIBRARY = "libc++";
				CLANG_ENABLE_MODULES = YES;
				CLANG_ENABLE_OBJC_ARC = YES;
				CLANG_WARN_BLOCK_CAPTURE_AUTORELEASING = YES;
				CLANG_WARN_BOOL_CONVERSION = YES;
				CLANG_WARN_COMMA = YES;
				CLANG_WARN_CONSTANT_CONVERSION = YES;
				CLANG_WARN_DIRECT_OBJC_ISA_USAGE = YES_ERROR;
				CLANG_WARN_DOCUMENTATION_COMMENTS = YES;
				CLANG_WARN_EMPTY_BODY = YES;
				CLANG_WARN_ENUM_CONVERSION = YES;
				CLANG_WARN_INFINITE_RECURSION = YES;
				CLANG_WARN_INT_CONVERSION = YES;
				CLANG_WARN_NON_LITERAL_NULL_CONVERSION = YES;
				CLANG_WARN_OBJC_LITERAL_CONVERSION = YES;
				CLANG_WARN_OBJC_ROOT_CLASS = YES_ERROR;
				CLANG_WARN_RANGE_LOOP_ANALYSIS = YES;
				CLANG_WARN_STRICT_PROTOTYPES = YES;
				CLANG_WARN_SUSPICIOUS_MOVE = YES;
				CLANG_WARN_UNGUARDED_AVAILABILITY = YES_AGGRESSIVE;
				CLANG_WARN_UNREACHABLE_CODE = YES;
				CLANG_WARN__DUPLICATE_METHOD_MATCH = YES;
				CODE_SIGN_IDENTITY = "iPhone Developer";
				COPY_PHASE_STRIP = NO;
				DEBUG_INFORMATION_FORMAT = "dwarf-with-dsym";
				ENABLE_NS_ASSERTIONS = NO;
				ENABLE_STRICT_OBJC_MSGSEND = YES;
				GCC_C_LANGUAGE_STANDARD = gnu11;
				GCC_NO_COMMON_BLOCKS = YES;
				GCC_WARN_64_TO_32_BIT_CONVERSION = YES;
				GCC_WARN_ABOUT_RETURN_TYPE = YES_ERROR;
				GCC_WARN_UNDECLARED_SELECTOR = YES;
				GCC_WARN_UNINITIALIZED_AUTOS = YES_AGGRESSIVE;
				GCC_WARN_UNUSED_FUNCTION = YES;
				GCC_WARN_UNUSED_VARIABLE = YES;
				IPHONEOS_DEPLOYMENT_TARGET = 11.0;
				MTL_ENABLE_DEBUG_INFO = NO;
				SDKROOT = iphoneos;
				SWIFT_OPTIMIZATION_LEVEL = "-Owholemodule";
				VALIDATE_PRODUCT = YES;
			};
			name = Release;
		};
		BFCC746D1F7595B000710D72 /* Debug */ = {
			isa = XCBuildConfiguration;
			buildSettings = {
				ASSETCATALOG_COMPILER_APPICON_NAME = AppIcon;
				CODE_SIGN_STYLE = Automatic;
				DEVELOPMENT_TEAM = 5995Q48X5V;
				INFOPLIST_FILE = AudioDemo1/Info.plist;
				IPHONEOS_DEPLOYMENT_TARGET = 10.3;
				LD_RUNPATH_SEARCH_PATHS = "$(inherited) @executable_path/Frameworks";
				PRODUCT_BUNDLE_IDENTIFIER = com.betalantz.AudioDemo1;
				PRODUCT_NAME = "$(TARGET_NAME)";
				SWIFT_VERSION = 4.0;
				TARGETED_DEVICE_FAMILY = "1,2";
			};
			name = Debug;
		};
		BFCC746E1F7595B000710D72 /* Release */ = {
			isa = XCBuildConfiguration;
			buildSettings = {
				ASSETCATALOG_COMPILER_APPICON_NAME = AppIcon;
				CODE_SIGN_STYLE = Automatic;
				DEVELOPMENT_TEAM = 5995Q48X5V;
				INFOPLIST_FILE = AudioDemo1/Info.plist;
				IPHONEOS_DEPLOYMENT_TARGET = 10.3;
				LD_RUNPATH_SEARCH_PATHS = "$(inherited) @executable_path/Frameworks";
				PRODUCT_BUNDLE_IDENTIFIER = com.betalantz.AudioDemo1;
				PRODUCT_NAME = "$(TARGET_NAME)";
				SWIFT_VERSION = 4.0;
				TARGETED_DEVICE_FAMILY = "1,2";
			};
			name = Release;
		};
		BFCC74701F7595B000710D72 /* Debug */ = {
			isa = XCBuildConfiguration;
			buildSettings = {
				ALWAYS_EMBED_SWIFT_STANDARD_LIBRARIES = YES;
				BUNDLE_LOADER = "$(TEST_HOST)";
				CODE_SIGN_STYLE = Automatic;
				DEVELOPMENT_TEAM = 5995Q48X5V;
				INFOPLIST_FILE = AudioDemo1Tests/Info.plist;
				LD_RUNPATH_SEARCH_PATHS = "$(inherited) @executable_path/Frameworks @loader_path/Frameworks";
				PRODUCT_BUNDLE_IDENTIFIER = com.betalantz.AudioDemo1Tests;
				PRODUCT_NAME = "$(TARGET_NAME)";
				SWIFT_VERSION = 4.0;
				TARGETED_DEVICE_FAMILY = "1,2";
				TEST_HOST = "$(BUILT_PRODUCTS_DIR)/AudioDemo1.app/AudioDemo1";
			};
			name = Debug;
		};
		BFCC74711F7595B000710D72 /* Release */ = {
			isa = XCBuildConfiguration;
			buildSettings = {
				ALWAYS_EMBED_SWIFT_STANDARD_LIBRARIES = YES;
				BUNDLE_LOADER = "$(TEST_HOST)";
				CODE_SIGN_STYLE = Automatic;
				DEVELOPMENT_TEAM = 5995Q48X5V;
				INFOPLIST_FILE = AudioDemo1Tests/Info.plist;
				LD_RUNPATH_SEARCH_PATHS = "$(inherited) @executable_path/Frameworks @loader_path/Frameworks";
				PRODUCT_BUNDLE_IDENTIFIER = com.betalantz.AudioDemo1Tests;
				PRODUCT_NAME = "$(TARGET_NAME)";
				SWIFT_VERSION = 4.0;
				TARGETED_DEVICE_FAMILY = "1,2";
				TEST_HOST = "$(BUILT_PRODUCTS_DIR)/AudioDemo1.app/AudioDemo1";
			};
			name = Release;
		};
		BFCC74731F7595B000710D72 /* Debug */ = {
			isa = XCBuildConfiguration;
			buildSettings = {
				ALWAYS_EMBED_SWIFT_STANDARD_LIBRARIES = YES;
				CODE_SIGN_STYLE = Automatic;
				DEVELOPMENT_TEAM = 5995Q48X5V;
				INFOPLIST_FILE = AudioDemo1UITests/Info.plist;
				LD_RUNPATH_SEARCH_PATHS = "$(inherited) @executable_path/Frameworks @loader_path/Frameworks";
				PRODUCT_BUNDLE_IDENTIFIER = com.betalantz.AudioDemo1UITests;
				PRODUCT_NAME = "$(TARGET_NAME)";
				SWIFT_VERSION = 4.0;
				TARGETED_DEVICE_FAMILY = "1,2";
				TEST_TARGET_NAME = AudioDemo1;
			};
			name = Debug;
		};
		BFCC74741F7595B000710D72 /* Release */ = {
			isa = XCBuildConfiguration;
			buildSettings = {
				ALWAYS_EMBED_SWIFT_STANDARD_LIBRARIES = YES;
				CODE_SIGN_STYLE = Automatic;
				DEVELOPMENT_TEAM = 5995Q48X5V;
				INFOPLIST_FILE = AudioDemo1UITests/Info.plist;
				LD_RUNPATH_SEARCH_PATHS = "$(inherited) @executable_path/Frameworks @loader_path/Frameworks";
				PRODUCT_BUNDLE_IDENTIFIER = com.betalantz.AudioDemo1UITests;
				PRODUCT_NAME = "$(TARGET_NAME)";
				SWIFT_VERSION = 4.0;
				TARGETED_DEVICE_FAMILY = "1,2";
				TEST_TARGET_NAME = AudioDemo1;
			};
			name = Release;
		};
/* End XCBuildConfiguration section */

/* Begin XCConfigurationList section */
		BFCC743F1F7595B000710D72 /* Build configuration list for PBXProject "AudioDemo1" */ = {
			isa = XCConfigurationList;
			buildConfigurations = (
				BFCC746A1F7595B000710D72 /* Debug */,
				BFCC746B1F7595B000710D72 /* Release */,
			);
			defaultConfigurationIsVisible = 0;
			defaultConfigurationName = Release;
		};
		BFCC746C1F7595B000710D72 /* Build configuration list for PBXNativeTarget "AudioDemo1" */ = {
			isa = XCConfigurationList;
			buildConfigurations = (
				BFCC746D1F7595B000710D72 /* Debug */,
				BFCC746E1F7595B000710D72 /* Release */,
			);
			defaultConfigurationIsVisible = 0;
			defaultConfigurationName = Release;
		};
		BFCC746F1F7595B000710D72 /* Build configuration list for PBXNativeTarget "AudioDemo1Tests" */ = {
			isa = XCConfigurationList;
			buildConfigurations = (
				BFCC74701F7595B000710D72 /* Debug */,
				BFCC74711F7595B000710D72 /* Release */,
			);
			defaultConfigurationIsVisible = 0;
			defaultConfigurationName = Release;
		};
		BFCC74721F7595B000710D72 /* Build configuration list for PBXNativeTarget "AudioDemo1UITests" */ = {
			isa = XCConfigurationList;
			buildConfigurations = (
				BFCC74731F7595B000710D72 /* Debug */,
				BFCC74741F7595B000710D72 /* Release */,
			);
			defaultConfigurationIsVisible = 0;
			defaultConfigurationName = Release;
		};
/* End XCConfigurationList section */
	};
	rootObject = BFCC743C1F7595B000710D72 /* Project object */;
}
