// !$*UTF8*$!
{
	archiveVersion = 1;
	classes = {
	};
	objectVersion = 48;
	objects = {

/* Begin PBXBuildFile section */
		BF1ACFDE1F664BAB00066BBE /* AppDelegate.swift in Sources */ = {isa = PBXBuildFile; fileRef = BF1ACFDD1F664BAB00066BBE /* AppDelegate.swift */; };
		BF1ACFE01F664BAB00066BBE /* ViewController.swift in Sources */ = {isa = PBXBuildFile; fileRef = BF1ACFDF1F664BAB00066BBE /* ViewController.swift */; };
		BF1ACFE31F664BAB00066BBE /* Main.storyboard in Resources */ = {isa = PBXBuildFile; fileRef = BF1ACFE11F664BAB00066BBE /* Main.storyboard */; };
		BF1ACFE51F664BAB00066BBE /* Assets.xcassets in Resources */ = {isa = PBXBuildFile; fileRef = BF1ACFE41F664BAB00066BBE /* Assets.xcassets */; };
		BF1ACFE81F664BAB00066BBE /* LaunchScreen.storyboard in Resources */ = {isa = PBXBuildFile; fileRef = BF1ACFE61F664BAB00066BBE /* LaunchScreen.storyboard */; };
		BF1ACFF31F664BAB00066BBE /* TipsterTests.swift in Sources */ = {isa = PBXBuildFile; fileRef = BF1ACFF21F664BAB00066BBE /* TipsterTests.swift */; };
		BF1ACFFE1F664BAB00066BBE /* TipsterUITests.swift in Sources */ = {isa = PBXBuildFile; fileRef = BF1ACFFD1F664BAB00066BBE /* TipsterUITests.swift */; };
/* End PBXBuildFile section */

/* Begin PBXContainerItemProxy section */
		BF1ACFEF1F664BAB00066BBE /* PBXContainerItemProxy */ = {
			isa = PBXContainerItemProxy;
			containerPortal = BF1ACFD21F664BAB00066BBE /* Project object */;
			proxyType = 1;
			remoteGlobalIDString = BF1ACFD91F664BAB00066BBE;
			remoteInfo = Tipster;
		};
		BF1ACFFA1F664BAB00066BBE /* PBXContainerItemProxy */ = {
			isa = PBXContainerItemProxy;
			containerPortal = BF1ACFD21F664BAB00066BBE /* Project object */;
			proxyType = 1;
			remoteGlobalIDString = BF1ACFD91F664BAB00066BBE;
			remoteInfo = Tipster;
		};
/* End PBXContainerItemProxy section */

/* Begin PBXFileReference section */
		BF1ACFDA1F664BAB00066BBE /* Tipster.app */ = {isa = PBXFileReference; explicitFileType = wrapper.application; includeInIndex = 0; path = Tipster.app; sourceTree = BUILT_PRODUCTS_DIR; };
		BF1ACFDD1F664BAB00066BBE /* AppDelegate.swift */ = {isa = PBXFileReference; lastKnownFileType = sourcecode.swift; path = AppDelegate.swift; sourceTree = "<group>"; };
		BF1ACFDF1F664BAB00066BBE /* ViewController.swift */ = {isa = PBXFileReference; lastKnownFileType = sourcecode.swift; path = ViewController.swift; sourceTree = "<group>"; };
		BF1ACFE21F664BAB00066BBE /* Base */ = {isa = PBXFileReference; lastKnownFileType = file.storyboard; name = Base; path = Base.lproj/Main.storyboard; sourceTree = "<group>"; };
		BF1ACFE41F664BAB00066BBE /* Assets.xcassets */ = {isa = PBXFileReference; lastKnownFileType = folder.assetcatalog; path = Assets.xcassets; sourceTree = "<group>"; };
		BF1ACFE71F664BAB00066BBE /* Base */ = {isa = PBXFileReference; lastKnownFileType = file.storyboard; name = Base; path = Base.lproj/LaunchScreen.storyboard; sourceTree = "<group>"; };
		BF1ACFE91F664BAB00066BBE /* Info.plist */ = {isa = PBXFileReference; lastKnownFileType = text.plist.xml; path = Info.plist; sourceTree = "<group>"; };
		BF1ACFEE1F664BAB00066BBE /* TipsterTests.xctest */ = {isa = PBXFileReference; explicitFileType = wrapper.cfbundle; includeInIndex = 0; path = TipsterTests.xctest; sourceTree = BUILT_PRODUCTS_DIR; };
		BF1ACFF21F664BAB00066BBE /* TipsterTests.swift */ = {isa = PBXFileReference; lastKnownFileType = sourcecode.swift; path = TipsterTests.swift; sourceTree = "<group>"; };
		BF1ACFF41F664BAB00066BBE /* Info.plist */ = {isa = PBXFileReference; lastKnownFileType = text.plist.xml; path = Info.plist; sourceTree = "<group>"; };
		BF1ACFF91F664BAB00066BBE /* TipsterUITests.xctest */ = {isa = PBXFileReference; explicitFileType = wrapper.cfbundle; includeInIndex = 0; path = TipsterUITests.xctest; sourceTree = BUILT_PRODUCTS_DIR; };
		BF1ACFFD1F664BAB00066BBE /* TipsterUITests.swift */ = {isa = PBXFileReference; lastKnownFileType = sourcecode.swift; path = TipsterUITests.swift; sourceTree = "<group>"; };
		BF1ACFFF1F664BAB00066BBE /* Info.plist */ = {isa = PBXFileReference; lastKnownFileType = text.plist.xml; path = Info.plist; sourceTree = "<group>"; };
/* End PBXFileReference section */

/* Begin PBXFrameworksBuildPhase section */
		BF1ACFD71F664BAB00066BBE /* Frameworks */ = {
			isa = PBXFrameworksBuildPhase;
			buildActionMask = 2147483647;
			files = (
			);
			runOnlyForDeploymentPostprocessing = 0;
		};
		BF1ACFEB1F664BAB00066BBE /* Frameworks */ = {
			isa = PBXFrameworksBuildPhase;
			buildActionMask = 2147483647;
			files = (
			);
			runOnlyForDeploymentPostprocessing = 0;
		};
		BF1ACFF61F664BAB00066BBE /* Frameworks */ = {
			isa = PBXFrameworksBuildPhase;
			buildActionMask = 2147483647;
			files = (
			);
			runOnlyForDeploymentPostprocessing = 0;
		};
/* End PBXFrameworksBuildPhase section */

/* Begin PBXGroup section */
		BF1ACFD11F664BAB00066BBE = {
			isa = PBXGroup;
			children = (
				BF1ACFDC1F664BAB00066BBE /* Tipster */,
				BF1ACFF11F664BAB00066BBE /* TipsterTests */,
				BF1ACFFC1F664BAB00066BBE /* TipsterUITests */,
				BF1ACFDB1F664BAB00066BBE /* Products */,
			);
			sourceTree = "<group>";
		};
		BF1ACFDB1F664BAB00066BBE /* Products */ = {
			isa = PBXGroup;
			children = (
				BF1ACFDA1F664BAB00066BBE /* Tipster.app */,
				BF1ACFEE1F664BAB00066BBE /* TipsterTests.xctest */,
				BF1ACFF91F664BAB00066BBE /* TipsterUITests.xctest */,
			);
			name = Products;
			sourceTree = "<group>";
		};
		BF1ACFDC1F664BAB00066BBE /* Tipster */ = {
			isa = PBXGroup;
			children = (
				BF1ACFDD1F664BAB00066BBE /* AppDelegate.swift */,
				BF1ACFDF1F664BAB00066BBE /* ViewController.swift */,
				BF1ACFE11F664BAB00066BBE /* Main.storyboard */,
				BF1ACFE41F664BAB00066BBE /* Assets.xcassets */,
				BF1ACFE61F664BAB00066BBE /* LaunchScreen.storyboard */,
				BF1ACFE91F664BAB00066BBE /* Info.plist */,
			);
			path = Tipster;
			sourceTree = "<group>";
		};
		BF1ACFF11F664BAB00066BBE /* TipsterTests */ = {
			isa = PBXGroup;
			children = (
				BF1ACFF21F664BAB00066BBE /* TipsterTests.swift */,
				BF1ACFF41F664BAB00066BBE /* Info.plist */,
			);
			path = TipsterTests;
			sourceTree = "<group>";
		};
		BF1ACFFC1F664BAB00066BBE /* TipsterUITests */ = {
			isa = PBXGroup;
			children = (
				BF1ACFFD1F664BAB00066BBE /* TipsterUITests.swift */,
				BF1ACFFF1F664BAB00066BBE /* Info.plist */,
			);
			path = TipsterUITests;
			sourceTree = "<group>";
		};
/* End PBXGroup section */

/* Begin PBXNativeTarget section */
		BF1ACFD91F664BAB00066BBE /* Tipster */ = {
			isa = PBXNativeTarget;
			buildConfigurationList = BF1AD0021F664BAB00066BBE /* Build configuration list for PBXNativeTarget "Tipster" */;
			buildPhases = (
				BF1ACFD61F664BAB00066BBE /* Sources */,
				BF1ACFD71F664BAB00066BBE /* Frameworks */,
				BF1ACFD81F664BAB00066BBE /* Resources */,
			);
			buildRules = (
			);
			dependencies = (
			);
			name = Tipster;
			productName = Tipster;
			productReference = BF1ACFDA1F664BAB00066BBE /* Tipster.app */;
			productType = "com.apple.product-type.application";
		};
		BF1ACFED1F664BAB00066BBE /* TipsterTests */ = {
			isa = PBXNativeTarget;
			buildConfigurationList = BF1AD0051F664BAB00066BBE /* Build configuration list for PBXNativeTarget "TipsterTests" */;
			buildPhases = (
				BF1ACFEA1F664BAB00066BBE /* Sources */,
				BF1ACFEB1F664BAB00066BBE /* Frameworks */,
				BF1ACFEC1F664BAB00066BBE /* Resources */,
			);
			buildRules = (
			);
			dependencies = (
				BF1ACFF01F664BAB00066BBE /* PBXTargetDependency */,
			);
			name = TipsterTests;
			productName = TipsterTests;
			productReference = BF1ACFEE1F664BAB00066BBE /* TipsterTests.xctest */;
			productType = "com.apple.product-type.bundle.unit-test";
		};
		BF1ACFF81F664BAB00066BBE /* TipsterUITests */ = {
			isa = PBXNativeTarget;
			buildConfigurationList = BF1AD0081F664BAB00066BBE /* Build configuration list for PBXNativeTarget "TipsterUITests" */;
			buildPhases = (
				BF1ACFF51F664BAB00066BBE /* Sources */,
				BF1ACFF61F664BAB00066BBE /* Frameworks */,
				BF1ACFF71F664BAB00066BBE /* Resources */,
			);
			buildRules = (
			);
			dependencies = (
				BF1ACFFB1F664BAB00066BBE /* PBXTargetDependency */,
			);
			name = TipsterUITests;
			productName = TipsterUITests;
			productReference = BF1ACFF91F664BAB00066BBE /* TipsterUITests.xctest */;
			productType = "com.apple.product-type.bundle.ui-testing";
		};
/* End PBXNativeTarget section */

/* Begin PBXProject section */
		BF1ACFD21F664BAB00066BBE /* Project object */ = {
			isa = PBXProject;
			attributes = {
				LastSwiftUpdateCheck = 0900;
				LastUpgradeCheck = 0900;
				ORGANIZATIONNAME = Betalantz;
				TargetAttributes = {
					BF1ACFD91F664BAB00066BBE = {
						CreatedOnToolsVersion = 9.0;
						ProvisioningStyle = Automatic;
					};
					BF1ACFED1F664BAB00066BBE = {
						CreatedOnToolsVersion = 9.0;
						ProvisioningStyle = Automatic;
						TestTargetID = BF1ACFD91F664BAB00066BBE;
					};
					BF1ACFF81F664BAB00066BBE = {
						CreatedOnToolsVersion = 9.0;
						ProvisioningStyle = Automatic;
						TestTargetID = BF1ACFD91F664BAB00066BBE;
					};
				};
			};
			buildConfigurationList = BF1ACFD51F664BAB00066BBE /* Build configuration list for PBXProject "Tipster" */;
			compatibilityVersion = "Xcode 8.0";
			developmentRegion = en;
			hasScannedForEncodings = 0;
			knownRegions = (
				en,
				Base,
			);
			mainGroup = BF1ACFD11F664BAB00066BBE;
			productRefGroup = BF1ACFDB1F664BAB00066BBE /* Products */;
			projectDirPath = "";
			projectRoot = "";
			targets = (
				BF1ACFD91F664BAB00066BBE /* Tipster */,
				BF1ACFED1F664BAB00066BBE /* TipsterTests */,
				BF1ACFF81F664BAB00066BBE /* TipsterUITests */,
			);
		};
/* End PBXProject section */

/* Begin PBXResourcesBuildPhase section */
		BF1ACFD81F664BAB00066BBE /* Resources */ = {
			isa = PBXResourcesBuildPhase;
			buildActionMask = 2147483647;
			files = (
				BF1ACFE81F664BAB00066BBE /* LaunchScreen.storyboard in Resources */,
				BF1ACFE51F664BAB00066BBE /* Assets.xcassets in Resources */,
				BF1ACFE31F664BAB00066BBE /* Main.storyboard in Resources */,
			);
			runOnlyForDeploymentPostprocessing = 0;
		};
		BF1ACFEC1F664BAB00066BBE /* Resources */ = {
			isa = PBXResourcesBuildPhase;
			buildActionMask = 2147483647;
			files = (
			);
			runOnlyForDeploymentPostprocessing = 0;
		};
		BF1ACFF71F664BAB00066BBE /* Resources */ = {
			isa = PBXResourcesBuildPhase;
			buildActionMask = 2147483647;
			files = (
			);
			runOnlyForDeploymentPostprocessing = 0;
		};
/* End PBXResourcesBuildPhase section */

/* Begin PBXSourcesBuildPhase section */
		BF1ACFD61F664BAB00066BBE /* Sources */ = {
			isa = PBXSourcesBuildPhase;
			buildActionMask = 2147483647;
			files = (
				BF1ACFE01F664BAB00066BBE /* ViewController.swift in Sources */,
				BF1ACFDE1F664BAB00066BBE /* AppDelegate.swift in Sources */,
			);
			runOnlyForDeploymentPostprocessing = 0;
		};
		BF1ACFEA1F664BAB00066BBE /* Sources */ = {
			isa = PBXSourcesBuildPhase;
			buildActionMask = 2147483647;
			files = (
				BF1ACFF31F664BAB00066BBE /* TipsterTests.swift in Sources */,
			);
			runOnlyForDeploymentPostprocessing = 0;
		};
		BF1ACFF51F664BAB00066BBE /* Sources */ = {
			isa = PBXSourcesBuildPhase;
			buildActionMask = 2147483647;
			files = (
				BF1ACFFE1F664BAB00066BBE /* TipsterUITests.swift in Sources */,
			);
			runOnlyForDeploymentPostprocessing = 0;
		};
/* End PBXSourcesBuildPhase section */

/* Begin PBXTargetDependency section */
		BF1ACFF01F664BAB00066BBE /* PBXTargetDependency */ = {
			isa = PBXTargetDependency;
			target = BF1ACFD91F664BAB00066BBE /* Tipster */;
			targetProxy = BF1ACFEF1F664BAB00066BBE /* PBXContainerItemProxy */;
		};
		BF1ACFFB1F664BAB00066BBE /* PBXTargetDependency */ = {
			isa = PBXTargetDependency;
			target = BF1ACFD91F664BAB00066BBE /* Tipster */;
			targetProxy = BF1ACFFA1F664BAB00066BBE /* PBXContainerItemProxy */;
		};
/* End PBXTargetDependency section */

/* Begin PBXVariantGroup section */
		BF1ACFE11F664BAB00066BBE /* Main.storyboard */ = {
			isa = PBXVariantGroup;
			children = (
				BF1ACFE21F664BAB00066BBE /* Base */,
			);
			name = Main.storyboard;
			sourceTree = "<group>";
		};
		BF1ACFE61F664BAB00066BBE /* LaunchScreen.storyboard */ = {
			isa = PBXVariantGroup;
			children = (
				BF1ACFE71F664BAB00066BBE /* Base */,
			);
			name = LaunchScreen.storyboard;
			sourceTree = "<group>";
		};
/* End PBXVariantGroup section */

/* Begin XCBuildConfiguration section */
		BF1AD0001F664BAB00066BBE /* Debug */ = {
			isa = XCBuildConfiguration;
			buildSettings = {
				ALWAYS_SEARCH_USER_PATHS = NO;
				CLANG_ANALYZER_NONNULL = YES;
				CLANG_ANALYZER_NUMBER_OBJECT_CONVERSION = YES_AGGRESSIVE;
				CLANG_CXX_LANGUAGE_STANDARD = "gnu++14";
				CLANG_CXX_LIBRARY = "libc++";
				CLANG_ENABLE_MODULES = YES;
				CLANG_ENABLE_OBJC_ARC = YES;
				CLANG_WARN_BLOCK_CAPTURE_AUTORELEASING = YES;
				CLANG_WARN_BOOL_CONVERSION = YES;
				CLANG_WARN_COMMA = YES;
				CLANG_WARN_CONSTANT_CONVERSION = YES;
				CLANG_WARN_DIRECT_OBJC_ISA_USAGE = YES_ERROR;
				CLANG_WARN_DOCUMENTATION_COMMENTS = YES;
				CLANG_WARN_EMPTY_BODY = YES;
				CLANG_WARN_ENUM_CONVERSION = YES;
				CLANG_WARN_INFINITE_RECURSION = YES;
				CLANG_WARN_INT_CONVERSION = YES;
				CLANG_WARN_NON_LITERAL_NULL_CONVERSION = YES;
				CLANG_WARN_OBJC_LITERAL_CONVERSION = YES;
				CLANG_WARN_OBJC_ROOT_CLASS = YES_ERROR;
				CLANG_WARN_RANGE_LOOP_ANALYSIS = YES;
				CLANG_WARN_STRICT_PROTOTYPES = YES;
				CLANG_WARN_SUSPICIOUS_MOVE = YES;
				CLANG_WARN_UNGUARDED_AVAILABILITY = YES_AGGRESSIVE;
				CLANG_WARN_UNREACHABLE_CODE = YES;
				CLANG_WARN__DUPLICATE_METHOD_MATCH = YES;
				CODE_SIGN_IDENTITY = "iPhone Developer";
				COPY_PHASE_STRIP = NO;
				DEBUG_INFORMATION_FORMAT = dwarf;
				ENABLE_STRICT_OBJC_MSGSEND = YES;
				ENABLE_TESTABILITY = YES;
				GCC_C_LANGUAGE_STANDARD = gnu11;
				GCC_DYNAMIC_NO_PIC = NO;
				GCC_NO_COMMON_BLOCKS = YES;
				GCC_OPTIMIZATION_LEVEL = 0;
				GCC_PREPROCESSOR_DEFINITIONS = (
					"DEBUG=1",
					"$(inherited)",
				);
				GCC_WARN_64_TO_32_BIT_CONVERSION = YES;
				GCC_WARN_ABOUT_RETURN_TYPE = YES_ERROR;
				GCC_WARN_UNDECLARED_SELECTOR = YES;
				GCC_WARN_UNINITIALIZED_AUTOS = YES_AGGRESSIVE;
				GCC_WARN_UNUSED_FUNCTION = YES;
				GCC_WARN_UNUSED_VARIABLE = YES;
				IPHONEOS_DEPLOYMENT_TARGET = 11.0;
				MTL_ENABLE_DEBUG_INFO = YES;
				ONLY_ACTIVE_ARCH = YES;
				SDKROOT = iphoneos;
				SWIFT_ACTIVE_COMPILATION_CONDITIONS = DEBUG;
				SWIFT_OPTIMIZATION_LEVEL = "-Onone";
			};
			name = Debug;
		};
		BF1AD0011F664BAB00066BBE /* Release */ = {
			isa = XCBuildConfiguration;
			buildSettings = {
				ALWAYS_SEARCH_USER_PATHS = NO;
				CLANG_ANALYZER_NONNULL = YES;
				CLANG_ANALYZER_NUMBER_OBJECT_CONVERSION = YES_AGGRESSIVE;
				CLANG_CXX_LANGUAGE_STANDARD = "gnu++14";
				CLANG_CXX_LIBRARY = "libc++";
				CLANG_ENABLE_MODULES = YES;
				CLANG_ENABLE_OBJC_ARC = YES;
				CLANG_WARN_BLOCK_CAPTURE_AUTORELEASING = YES;
				CLANG_WARN_BOOL_CONVERSION = YES;
				CLANG_WARN_COMMA = YES;
				CLANG_WARN_CONSTANT_CONVERSION = YES;
				CLANG_WARN_DIRECT_OBJC_ISA_USAGE = YES_ERROR;
				CLANG_WARN_DOCUMENTATION_COMMENTS = YES;
				CLANG_WARN_EMPTY_BODY = YES;
				CLANG_WARN_ENUM_CONVERSION = YES;
				CLANG_WARN_INFINITE_RECURSION = YES;
				CLANG_WARN_INT_CONVERSION = YES;
				CLANG_WARN_NON_LITERAL_NULL_CONVERSION = YES;
				CLANG_WARN_OBJC_LITERAL_CONVERSION = YES;
				CLANG_WARN_OBJC_ROOT_CLASS = YES_ERROR;
				CLANG_WARN_RANGE_LOOP_ANALYSIS = YES;
				CLANG_WARN_STRICT_PROTOTYPES = YES;
				CLANG_WARN_SUSPICIOUS_MOVE = YES;
				CLANG_WARN_UNGUARDED_AVAILABILITY = YES_AGGRESSIVE;
				CLANG_WARN_UNREACHABLE_CODE = YES;
				CLANG_WARN__DUPLICATE_METHOD_MATCH = YES;
				CODE_SIGN_IDENTITY = "iPhone Developer";
				COPY_PHASE_STRIP = NO;
				DEBUG_INFORMATION_FORMAT = "dwarf-with-dsym";
				ENABLE_NS_ASSERTIONS = NO;
				ENABLE_STRICT_OBJC_MSGSEND = YES;
				GCC_C_LANGUAGE_STANDARD = gnu11;
				GCC_NO_COMMON_BLOCKS = YES;
				GCC_WARN_64_TO_32_BIT_CONVERSION = YES;
				GCC_WARN_ABOUT_RETURN_TYPE = YES_ERROR;
				GCC_WARN_UNDECLARED_SELECTOR = YES;
				GCC_WARN_UNINITIALIZED_AUTOS = YES_AGGRESSIVE;
				GCC_WARN_UNUSED_FUNCTION = YES;
				GCC_WARN_UNUSED_VARIABLE = YES;
				IPHONEOS_DEPLOYMENT_TARGET = 11.0;
				MTL_ENABLE_DEBUG_INFO = NO;
				SDKROOT = iphoneos;
				SWIFT_OPTIMIZATION_LEVEL = "-Owholemodule";
				VALIDATE_PRODUCT = YES;
			};
			name = Release;
		};
		BF1AD0031F664BAB00066BBE /* Debug */ = {
			isa = XCBuildConfiguration;
			buildSettings = {
				ASSETCATALOG_COMPILER_APPICON_NAME = AppIcon;
				CODE_SIGN_STYLE = Automatic;
				DEVELOPMENT_TEAM = 5995Q48X5V;
				INFOPLIST_FILE = Tipster/Info.plist;
				IPHONEOS_DEPLOYMENT_TARGET = 10.3;
				LD_RUNPATH_SEARCH_PATHS = "$(inherited) @executable_path/Frameworks";
				PRODUCT_BUNDLE_IDENTIFIER = com.betalantz.Tipster;
				PRODUCT_NAME = "$(TARGET_NAME)";
				SWIFT_VERSION = 4.0;
				TARGETED_DEVICE_FAMILY = "1,2";
			};
			name = Debug;
		};
		BF1AD0041F664BAB00066BBE /* Release */ = {
			isa = XCBuildConfiguration;
			buildSettings = {
				ASSETCATALOG_COMPILER_APPICON_NAME = AppIcon;
				CODE_SIGN_STYLE = Automatic;
				DEVELOPMENT_TEAM = 5995Q48X5V;
				INFOPLIST_FILE = Tipster/Info.plist;
				IPHONEOS_DEPLOYMENT_TARGET = 10.3;
				LD_RUNPATH_SEARCH_PATHS = "$(inherited) @executable_path/Frameworks";
				PRODUCT_BUNDLE_IDENTIFIER = com.betalantz.Tipster;
				PRODUCT_NAME = "$(TARGET_NAME)";
				SWIFT_VERSION = 4.0;
				TARGETED_DEVICE_FAMILY = "1,2";
			};
			name = Release;
		};
		BF1AD0061F664BAB00066BBE /* Debug */ = {
			isa = XCBuildConfiguration;
			buildSettings = {
				ALWAYS_EMBED_SWIFT_STANDARD_LIBRARIES = YES;
				BUNDLE_LOADER = "$(TEST_HOST)";
				CODE_SIGN_STYLE = Automatic;
				DEVELOPMENT_TEAM = 5995Q48X5V;
				INFOPLIST_FILE = TipsterTests/Info.plist;
				LD_RUNPATH_SEARCH_PATHS = "$(inherited) @executable_path/Frameworks @loader_path/Frameworks";
				PRODUCT_BUNDLE_IDENTIFIER = com.betalantz.TipsterTests;
				PRODUCT_NAME = "$(TARGET_NAME)";
				SWIFT_VERSION = 4.0;
				TARGETED_DEVICE_FAMILY = "1,2";
				TEST_HOST = "$(BUILT_PRODUCTS_DIR)/Tipster.app/Tipster";
			};
			name = Debug;
		};
		BF1AD0071F664BAB00066BBE /* Release */ = {
			isa = XCBuildConfiguration;
			buildSettings = {
				ALWAYS_EMBED_SWIFT_STANDARD_LIBRARIES = YES;
				BUNDLE_LOADER = "$(TEST_HOST)";
				CODE_SIGN_STYLE = Automatic;
				DEVELOPMENT_TEAM = 5995Q48X5V;
				INFOPLIST_FILE = TipsterTests/Info.plist;
				LD_RUNPATH_SEARCH_PATHS = "$(inherited) @executable_path/Frameworks @loader_path/Frameworks";
				PRODUCT_BUNDLE_IDENTIFIER = com.betalantz.TipsterTests;
				PRODUCT_NAME = "$(TARGET_NAME)";
				SWIFT_VERSION = 4.0;
				TARGETED_DEVICE_FAMILY = "1,2";
				TEST_HOST = "$(BUILT_PRODUCTS_DIR)/Tipster.app/Tipster";
			};
			name = Release;
		};
		BF1AD0091F664BAB00066BBE /* Debug */ = {
			isa = XCBuildConfiguration;
			buildSettings = {
				ALWAYS_EMBED_SWIFT_STANDARD_LIBRARIES = YES;
				CODE_SIGN_STYLE = Automatic;
				DEVELOPMENT_TEAM = 5995Q48X5V;
				INFOPLIST_FILE = TipsterUITests/Info.plist;
				LD_RUNPATH_SEARCH_PATHS = "$(inherited) @executable_path/Frameworks @loader_path/Frameworks";
				PRODUCT_BUNDLE_IDENTIFIER = com.betalantz.TipsterUITests;
				PRODUCT_NAME = "$(TARGET_NAME)";
				SWIFT_VERSION = 4.0;
				TARGETED_DEVICE_FAMILY = "1,2";
				TEST_TARGET_NAME = Tipster;
			};
			name = Debug;
		};
		BF1AD00A1F664BAB00066BBE /* Release */ = {
			isa = XCBuildConfiguration;
			buildSettings = {
				ALWAYS_EMBED_SWIFT_STANDARD_LIBRARIES = YES;
				CODE_SIGN_STYLE = Automatic;
				DEVELOPMENT_TEAM = 5995Q48X5V;
				INFOPLIST_FILE = TipsterUITests/Info.plist;
				LD_RUNPATH_SEARCH_PATHS = "$(inherited) @executable_path/Frameworks @loader_path/Frameworks";
				PRODUCT_BUNDLE_IDENTIFIER = com.betalantz.TipsterUITests;
				PRODUCT_NAME = "$(TARGET_NAME)";
				SWIFT_VERSION = 4.0;
				TARGETED_DEVICE_FAMILY = "1,2";
				TEST_TARGET_NAME = Tipster;
			};
			name = Release;
		};
/* End XCBuildConfiguration section */

/* Begin XCConfigurationList section */
		BF1ACFD51F664BAB00066BBE /* Build configuration list for PBXProject "Tipster" */ = {
			isa = XCConfigurationList;
			buildConfigurations = (
				BF1AD0001F664BAB00066BBE /* Debug */,
				BF1AD0011F664BAB00066BBE /* Release */,
			);
			defaultConfigurationIsVisible = 0;
			defaultConfigurationName = Release;
		};
		BF1AD0021F664BAB00066BBE /* Build configuration list for PBXNativeTarget "Tipster" */ = {
			isa = XCConfigurationList;
			buildConfigurations = (
				BF1AD0031F664BAB00066BBE /* Debug */,
				BF1AD0041F664BAB00066BBE /* Release */,
			);
			defaultConfigurationIsVisible = 0;
			defaultConfigurationName = Release;
		};
		BF1AD0051F664BAB00066BBE /* Build configuration list for PBXNativeTarget "TipsterTests" */ = {
			isa = XCConfigurationList;
			buildConfigurations = (
				BF1AD0061F664BAB00066BBE /* Debug */,
				BF1AD0071F664BAB00066BBE /* Release */,
			);
			defaultConfigurationIsVisible = 0;
			defaultConfigurationName = Release;
		};
		BF1AD0081F664BAB00066BBE /* Build configuration list for PBXNativeTarget "TipsterUITests" */ = {
			isa = XCConfigurationList;
			buildConfigurations = (
				BF1AD0091F664BAB00066BBE /* Debug */,
				BF1AD00A1F664BAB00066BBE /* Release */,
			);
			defaultConfigurationIsVisible = 0;
			defaultConfigurationName = Release;
		};
/* End XCConfigurationList section */
	};
	rootObject = BF1ACFD21F664BAB00066BBE /* Project object */;
}
