// !$*UTF8*$!
{
	archiveVersion = 1;
	classes = {
	};
	objectVersion = 48;
	objects = {

/* Begin PBXBuildFile section */
		BF89B82C1F68F56A00DCFFC5 /* AppDelegate.swift in Sources */ = {isa = PBXBuildFile; fileRef = BF89B82B1F68F56A00DCFFC5 /* AppDelegate.swift */; };
		BF89B82E1F68F56A00DCFFC5 /* CarpeDiemViewController.swift in Sources */ = {isa = PBXBuildFile; fileRef = BF89B82D1F68F56A00DCFFC5 /* CarpeDiemViewController.swift */; };
		BF89B8311F68F56A00DCFFC5 /* Main.storyboard in Resources */ = {isa = PBXBuildFile; fileRef = BF89B82F1F68F56A00DCFFC5 /* Main.storyboard */; };
		BF89B8331F68F56A00DCFFC5 /* Assets.xcassets in Resources */ = {isa = PBXBuildFile; fileRef = BF89B8321F68F56A00DCFFC5 /* Assets.xcassets */; };
		BF89B8361F68F56A00DCFFC5 /* LaunchScreen.storyboard in Resources */ = {isa = PBXBuildFile; fileRef = BF89B8341F68F56A00DCFFC5 /* LaunchScreen.storyboard */; };
		BF89B8411F68F56A00DCFFC5 /* CarpeDiemTests.swift in Sources */ = {isa = PBXBuildFile; fileRef = BF89B8401F68F56A00DCFFC5 /* CarpeDiemTests.swift */; };
		BF89B84C1F68F56A00DCFFC5 /* CarpeDiemUITests.swift in Sources */ = {isa = PBXBuildFile; fileRef = BF89B84B1F68F56A00DCFFC5 /* CarpeDiemUITests.swift */; };
		BF89B85C1F69034400DCFFC5 /* AddItemTableViewController.swift in Sources */ = {isa = PBXBuildFile; fileRef = BF89B85B1F69034400DCFFC5 /* AddItemTableViewController.swift */; };
		BF89B8601F6913EE00DCFFC5 /* AddItemTableViewControllerDelegate.swift in Sources */ = {isa = PBXBuildFile; fileRef = BF89B85F1F6913EE00DCFFC5 /* AddItemTableViewControllerDelegate.swift */; };
		BF89B8A11F6A3C7400DCFFC5 /* CarpeDiem.xcdatamodeld in Sources */ = {isa = PBXBuildFile; fileRef = BF89B89F1F6A3C7400DCFFC5 /* CarpeDiem.xcdatamodeld */; };
/* End PBXBuildFile section */

/* Begin PBXContainerItemProxy section */
		BF89B83D1F68F56A00DCFFC5 /* PBXContainerItemProxy */ = {
			isa = PBXContainerItemProxy;
			containerPortal = BF89B8201F68F56A00DCFFC5 /* Project object */;
			proxyType = 1;
			remoteGlobalIDString = BF89B8271F68F56A00DCFFC5;
			remoteInfo = CarpeDiem;
		};
		BF89B8481F68F56A00DCFFC5 /* PBXContainerItemProxy */ = {
			isa = PBXContainerItemProxy;
			containerPortal = BF89B8201F68F56A00DCFFC5 /* Project object */;
			proxyType = 1;
			remoteGlobalIDString = BF89B8271F68F56A00DCFFC5;
			remoteInfo = CarpeDiem;
		};
/* End PBXContainerItemProxy section */

/* Begin PBXFileReference section */
		BF89B8281F68F56A00DCFFC5 /* CarpeDiem.app */ = {isa = PBXFileReference; explicitFileType = wrapper.application; includeInIndex = 0; path = CarpeDiem.app; sourceTree = BUILT_PRODUCTS_DIR; };
		BF89B82B1F68F56A00DCFFC5 /* AppDelegate.swift */ = {isa = PBXFileReference; lastKnownFileType = sourcecode.swift; path = AppDelegate.swift; sourceTree = "<group>"; };
		BF89B82D1F68F56A00DCFFC5 /* CarpeDiemViewController.swift */ = {isa = PBXFileReference; lastKnownFileType = sourcecode.swift; path = CarpeDiemViewController.swift; sourceTree = "<group>"; };
		BF89B8301F68F56A00DCFFC5 /* Base */ = {isa = PBXFileReference; lastKnownFileType = file.storyboard; name = Base; path = Base.lproj/Main.storyboard; sourceTree = "<group>"; };
		BF89B8321F68F56A00DCFFC5 /* Assets.xcassets */ = {isa = PBXFileReference; lastKnownFileType = folder.assetcatalog; path = Assets.xcassets; sourceTree = "<group>"; };
		BF89B8351F68F56A00DCFFC5 /* Base */ = {isa = PBXFileReference; lastKnownFileType = file.storyboard; name = Base; path = Base.lproj/LaunchScreen.storyboard; sourceTree = "<group>"; };
		BF89B8371F68F56A00DCFFC5 /* Info.plist */ = {isa = PBXFileReference; lastKnownFileType = text.plist.xml; path = Info.plist; sourceTree = "<group>"; };
		BF89B83C1F68F56A00DCFFC5 /* CarpeDiemTests.xctest */ = {isa = PBXFileReference; explicitFileType = wrapper.cfbundle; includeInIndex = 0; path = CarpeDiemTests.xctest; sourceTree = BUILT_PRODUCTS_DIR; };
		BF89B8401F68F56A00DCFFC5 /* CarpeDiemTests.swift */ = {isa = PBXFileReference; lastKnownFileType = sourcecode.swift; path = CarpeDiemTests.swift; sourceTree = "<group>"; };
		BF89B8421F68F56A00DCFFC5 /* Info.plist */ = {isa = PBXFileReference; lastKnownFileType = text.plist.xml; path = Info.plist; sourceTree = "<group>"; };
		BF89B8471F68F56A00DCFFC5 /* CarpeDiemUITests.xctest */ = {isa = PBXFileReference; explicitFileType = wrapper.cfbundle; includeInIndex = 0; path = CarpeDiemUITests.xctest; sourceTree = BUILT_PRODUCTS_DIR; };
		BF89B84B1F68F56A00DCFFC5 /* CarpeDiemUITests.swift */ = {isa = PBXFileReference; lastKnownFileType = sourcecode.swift; path = CarpeDiemUITests.swift; sourceTree = "<group>"; };
		BF89B84D1F68F56A00DCFFC5 /* Info.plist */ = {isa = PBXFileReference; lastKnownFileType = text.plist.xml; path = Info.plist; sourceTree = "<group>"; };
		BF89B85B1F69034400DCFFC5 /* AddItemTableViewController.swift */ = {isa = PBXFileReference; lastKnownFileType = sourcecode.swift; path = AddItemTableViewController.swift; sourceTree = "<group>"; };
		BF89B85F1F6913EE00DCFFC5 /* AddItemTableViewControllerDelegate.swift */ = {isa = PBXFileReference; lastKnownFileType = sourcecode.swift; path = AddItemTableViewControllerDelegate.swift; sourceTree = "<group>"; };
		BF89B8A01F6A3C7400DCFFC5 /* CarpeDiem.xcdatamodel */ = {isa = PBXFileReference; lastKnownFileType = wrapper.xcdatamodel; path = CarpeDiem.xcdatamodel; sourceTree = "<group>"; };
/* End PBXFileReference section */

/* Begin PBXFrameworksBuildPhase section */
		BF89B8251F68F56A00DCFFC5 /* Frameworks */ = {
			isa = PBXFrameworksBuildPhase;
			buildActionMask = 2147483647;
			files = (
			);
			runOnlyForDeploymentPostprocessing = 0;
		};
		BF89B8391F68F56A00DCFFC5 /* Frameworks */ = {
			isa = PBXFrameworksBuildPhase;
			buildActionMask = 2147483647;
			files = (
			);
			runOnlyForDeploymentPostprocessing = 0;
		};
		BF89B8441F68F56A00DCFFC5 /* Frameworks */ = {
			isa = PBXFrameworksBuildPhase;
			buildActionMask = 2147483647;
			files = (
			);
			runOnlyForDeploymentPostprocessing = 0;
		};
/* End PBXFrameworksBuildPhase section */

/* Begin PBXGroup section */
		BF89B81F1F68F56A00DCFFC5 = {
			isa = PBXGroup;
			children = (
				BF89B82A1F68F56A00DCFFC5 /* CarpeDiem */,
				BF89B83F1F68F56A00DCFFC5 /* CarpeDiemTests */,
				BF89B84A1F68F56A00DCFFC5 /* CarpeDiemUITests */,
				BF89B8291F68F56A00DCFFC5 /* Products */,
			);
			sourceTree = "<group>";
		};
		BF89B8291F68F56A00DCFFC5 /* Products */ = {
			isa = PBXGroup;
			children = (
				BF89B8281F68F56A00DCFFC5 /* CarpeDiem.app */,
				BF89B83C1F68F56A00DCFFC5 /* CarpeDiemTests.xctest */,
				BF89B8471F68F56A00DCFFC5 /* CarpeDiemUITests.xctest */,
			);
			name = Products;
			sourceTree = "<group>";
		};
		BF89B82A1F68F56A00DCFFC5 /* CarpeDiem */ = {
			isa = PBXGroup;
			children = (
				BF89B85B1F69034400DCFFC5 /* AddItemTableViewController.swift */,
				BF89B82B1F68F56A00DCFFC5 /* AppDelegate.swift */,
				BF89B89F1F6A3C7400DCFFC5 /* CarpeDiem.xcdatamodeld */,
				BF89B82D1F68F56A00DCFFC5 /* CarpeDiemViewController.swift */,
				BF89B82F1F68F56A00DCFFC5 /* Main.storyboard */,
				BF89B85F1F6913EE00DCFFC5 /* AddItemTableViewControllerDelegate.swift */,
				BF89B8321F68F56A00DCFFC5 /* Assets.xcassets */,
				BF89B8341F68F56A00DCFFC5 /* LaunchScreen.storyboard */,
				BF89B8371F68F56A00DCFFC5 /* Info.plist */,
			);
			path = CarpeDiem;
			sourceTree = "<group>";
		};
		BF89B83F1F68F56A00DCFFC5 /* CarpeDiemTests */ = {
			isa = PBXGroup;
			children = (
				BF89B8401F68F56A00DCFFC5 /* CarpeDiemTests.swift */,
				BF89B8421F68F56A00DCFFC5 /* Info.plist */,
			);
			path = CarpeDiemTests;
			sourceTree = "<group>";
		};
		BF89B84A1F68F56A00DCFFC5 /* CarpeDiemUITests */ = {
			isa = PBXGroup;
			children = (
				BF89B84B1F68F56A00DCFFC5 /* CarpeDiemUITests.swift */,
				BF89B84D1F68F56A00DCFFC5 /* Info.plist */,
			);
			path = CarpeDiemUITests;
			sourceTree = "<group>";
		};
/* End PBXGroup section */

/* Begin PBXNativeTarget section */
		BF89B8271F68F56A00DCFFC5 /* CarpeDiem */ = {
			isa = PBXNativeTarget;
			buildConfigurationList = BF89B8501F68F56A00DCFFC5 /* Build configuration list for PBXNativeTarget "CarpeDiem" */;
			buildPhases = (
				BF89B8241F68F56A00DCFFC5 /* Sources */,
				BF89B8251F68F56A00DCFFC5 /* Frameworks */,
				BF89B8261F68F56A00DCFFC5 /* Resources */,
			);
			buildRules = (
			);
			dependencies = (
			);
			name = CarpeDiem;
			productName = CarpeDiem;
			productReference = BF89B8281F68F56A00DCFFC5 /* CarpeDiem.app */;
			productType = "com.apple.product-type.application";
		};
		BF89B83B1F68F56A00DCFFC5 /* CarpeDiemTests */ = {
			isa = PBXNativeTarget;
			buildConfigurationList = BF89B8531F68F56A00DCFFC5 /* Build configuration list for PBXNativeTarget "CarpeDiemTests" */;
			buildPhases = (
				BF89B8381F68F56A00DCFFC5 /* Sources */,
				BF89B8391F68F56A00DCFFC5 /* Frameworks */,
				BF89B83A1F68F56A00DCFFC5 /* Resources */,
			);
			buildRules = (
			);
			dependencies = (
				BF89B83E1F68F56A00DCFFC5 /* PBXTargetDependency */,
			);
			name = CarpeDiemTests;
			productName = CarpeDiemTests;
			productReference = BF89B83C1F68F56A00DCFFC5 /* CarpeDiemTests.xctest */;
			productType = "com.apple.product-type.bundle.unit-test";
		};
		BF89B8461F68F56A00DCFFC5 /* CarpeDiemUITests */ = {
			isa = PBXNativeTarget;
			buildConfigurationList = BF89B8561F68F56A00DCFFC5 /* Build configuration list for PBXNativeTarget "CarpeDiemUITests" */;
			buildPhases = (
				BF89B8431F68F56A00DCFFC5 /* Sources */,
				BF89B8441F68F56A00DCFFC5 /* Frameworks */,
				BF89B8451F68F56A00DCFFC5 /* Resources */,
			);
			buildRules = (
			);
			dependencies = (
				BF89B8491F68F56A00DCFFC5 /* PBXTargetDependency */,
			);
			name = CarpeDiemUITests;
			productName = CarpeDiemUITests;
			productReference = BF89B8471F68F56A00DCFFC5 /* CarpeDiemUITests.xctest */;
			productType = "com.apple.product-type.bundle.ui-testing";
		};
/* End PBXNativeTarget section */

/* Begin PBXProject section */
		BF89B8201F68F56A00DCFFC5 /* Project object */ = {
			isa = PBXProject;
			attributes = {
				LastSwiftUpdateCheck = 0900;
				LastUpgradeCheck = 0900;
				ORGANIZATIONNAME = Betalantz;
				TargetAttributes = {
					BF89B8271F68F56A00DCFFC5 = {
						CreatedOnToolsVersion = 9.0;
						ProvisioningStyle = Automatic;
					};
					BF89B83B1F68F56A00DCFFC5 = {
						CreatedOnToolsVersion = 9.0;
						ProvisioningStyle = Automatic;
						TestTargetID = BF89B8271F68F56A00DCFFC5;
					};
					BF89B8461F68F56A00DCFFC5 = {
						CreatedOnToolsVersion = 9.0;
						ProvisioningStyle = Automatic;
						TestTargetID = BF89B8271F68F56A00DCFFC5;
					};
				};
			};
			buildConfigurationList = BF89B8231F68F56A00DCFFC5 /* Build configuration list for PBXProject "CarpeDiem" */;
			compatibilityVersion = "Xcode 8.0";
			developmentRegion = en;
			hasScannedForEncodings = 0;
			knownRegions = (
				en,
				Base,
			);
			mainGroup = BF89B81F1F68F56A00DCFFC5;
			productRefGroup = BF89B8291F68F56A00DCFFC5 /* Products */;
			projectDirPath = "";
			projectRoot = "";
			targets = (
				BF89B8271F68F56A00DCFFC5 /* CarpeDiem */,
				BF89B83B1F68F56A00DCFFC5 /* CarpeDiemTests */,
				BF89B8461F68F56A00DCFFC5 /* CarpeDiemUITests */,
			);
		};
/* End PBXProject section */

/* Begin PBXResourcesBuildPhase section */
		BF89B8261F68F56A00DCFFC5 /* Resources */ = {
			isa = PBXResourcesBuildPhase;
			buildActionMask = 2147483647;
			files = (
				BF89B8361F68F56A00DCFFC5 /* LaunchScreen.storyboard in Resources */,
				BF89B8331F68F56A00DCFFC5 /* Assets.xcassets in Resources */,
				BF89B8311F68F56A00DCFFC5 /* Main.storyboard in Resources */,
			);
			runOnlyForDeploymentPostprocessing = 0;
		};
		BF89B83A1F68F56A00DCFFC5 /* Resources */ = {
			isa = PBXResourcesBuildPhase;
			buildActionMask = 2147483647;
			files = (
			);
			runOnlyForDeploymentPostprocessing = 0;
		};
		BF89B8451F68F56A00DCFFC5 /* Resources */ = {
			isa = PBXResourcesBuildPhase;
			buildActionMask = 2147483647;
			files = (
			);
			runOnlyForDeploymentPostprocessing = 0;
		};
/* End PBXResourcesBuildPhase section */

/* Begin PBXSourcesBuildPhase section */
		BF89B8241F68F56A00DCFFC5 /* Sources */ = {
			isa = PBXSourcesBuildPhase;
			buildActionMask = 2147483647;
			files = (
				BF89B8A11F6A3C7400DCFFC5 /* CarpeDiem.xcdatamodeld in Sources */,
				BF89B82E1F68F56A00DCFFC5 /* CarpeDiemViewController.swift in Sources */,
				BF89B82C1F68F56A00DCFFC5 /* AppDelegate.swift in Sources */,
				BF89B8601F6913EE00DCFFC5 /* AddItemTableViewControllerDelegate.swift in Sources */,
				BF89B85C1F69034400DCFFC5 /* AddItemTableViewController.swift in Sources */,
			);
			runOnlyForDeploymentPostprocessing = 0;
		};
		BF89B8381F68F56A00DCFFC5 /* Sources */ = {
			isa = PBXSourcesBuildPhase;
			buildActionMask = 2147483647;
			files = (
				BF89B8411F68F56A00DCFFC5 /* CarpeDiemTests.swift in Sources */,
			);
			runOnlyForDeploymentPostprocessing = 0;
		};
		BF89B8431F68F56A00DCFFC5 /* Sources */ = {
			isa = PBXSourcesBuildPhase;
			buildActionMask = 2147483647;
			files = (
				BF89B84C1F68F56A00DCFFC5 /* CarpeDiemUITests.swift in Sources */,
			);
			runOnlyForDeploymentPostprocessing = 0;
		};
/* End PBXSourcesBuildPhase section */

/* Begin PBXTargetDependency section */
		BF89B83E1F68F56A00DCFFC5 /* PBXTargetDependency */ = {
			isa = PBXTargetDependency;
			target = BF89B8271F68F56A00DCFFC5 /* CarpeDiem */;
			targetProxy = BF89B83D1F68F56A00DCFFC5 /* PBXContainerItemProxy */;
		};
		BF89B8491F68F56A00DCFFC5 /* PBXTargetDependency */ = {
			isa = PBXTargetDependency;
			target = BF89B8271F68F56A00DCFFC5 /* CarpeDiem */;
			targetProxy = BF89B8481F68F56A00DCFFC5 /* PBXContainerItemProxy */;
		};
/* End PBXTargetDependency section */

/* Begin PBXVariantGroup section */
		BF89B82F1F68F56A00DCFFC5 /* Main.storyboard */ = {
			isa = PBXVariantGroup;
			children = (
				BF89B8301F68F56A00DCFFC5 /* Base */,
			);
			name = Main.storyboard;
			sourceTree = "<group>";
		};
		BF89B8341F68F56A00DCFFC5 /* LaunchScreen.storyboard */ = {
			isa = PBXVariantGroup;
			children = (
				BF89B8351F68F56A00DCFFC5 /* Base */,
			);
			name = LaunchScreen.storyboard;
			sourceTree = "<group>";
		};
/* End PBXVariantGroup section */

/* Begin XCBuildConfiguration section */
		BF89B84E1F68F56A00DCFFC5 /* Debug */ = {
			isa = XCBuildConfiguration;
			buildSettings = {
				ALWAYS_SEARCH_USER_PATHS = NO;
				CLANG_ANALYZER_NONNULL = YES;
				CLANG_ANALYZER_NUMBER_OBJECT_CONVERSION = YES_AGGRESSIVE;
				CLANG_CXX_LANGUAGE_STANDARD = "gnu++14";
				CLANG_CXX_LIBRARY = "libc++";
				CLANG_ENABLE_MODULES = YES;
				CLANG_ENABLE_OBJC_ARC = YES;
				CLANG_WARN_BLOCK_CAPTURE_AUTORELEASING = YES;
				CLANG_WARN_BOOL_CONVERSION = YES;
				CLANG_WARN_COMMA = YES;
				CLANG_WARN_CONSTANT_CONVERSION = YES;
				CLANG_WARN_DIRECT_OBJC_ISA_USAGE = YES_ERROR;
				CLANG_WARN_DOCUMENTATION_COMMENTS = YES;
				CLANG_WARN_EMPTY_BODY = YES;
				CLANG_WARN_ENUM_CONVERSION = YES;
				CLANG_WARN_INFINITE_RECURSION = YES;
				CLANG_WARN_INT_CONVERSION = YES;
				CLANG_WARN_NON_LITERAL_NULL_CONVERSION = YES;
				CLANG_WARN_OBJC_LITERAL_CONVERSION = YES;
				CLANG_WARN_OBJC_ROOT_CLASS = YES_ERROR;
				CLANG_WARN_RANGE_LOOP_ANALYSIS = YES;
				CLANG_WARN_STRICT_PROTOTYPES = YES;
				CLANG_WARN_SUSPICIOUS_MOVE = YES;
				CLANG_WARN_UNGUARDED_AVAILABILITY = YES_AGGRESSIVE;
				CLANG_WARN_UNREACHABLE_CODE = YES;
				CLANG_WARN__DUPLICATE_METHOD_MATCH = YES;
				CODE_SIGN_IDENTITY = "iPhone Developer";
				COPY_PHASE_STRIP = NO;
				DEBUG_INFORMATION_FORMAT = dwarf;
				ENABLE_STRICT_OBJC_MSGSEND = YES;
				ENABLE_TESTABILITY = YES;
				GCC_C_LANGUAGE_STANDARD = gnu11;
				GCC_DYNAMIC_NO_PIC = NO;
				GCC_NO_COMMON_BLOCKS = YES;
				GCC_OPTIMIZATION_LEVEL = 0;
				GCC_PREPROCESSOR_DEFINITIONS = (
					"DEBUG=1",
					"$(inherited)",
				);
				GCC_WARN_64_TO_32_BIT_CONVERSION = YES;
				GCC_WARN_ABOUT_RETURN_TYPE = YES_ERROR;
				GCC_WARN_UNDECLARED_SELECTOR = YES;
				GCC_WARN_UNINITIALIZED_AUTOS = YES_AGGRESSIVE;
				GCC_WARN_UNUSED_FUNCTION = YES;
				GCC_WARN_UNUSED_VARIABLE = YES;
				IPHONEOS_DEPLOYMENT_TARGET = 11.0;
				MTL_ENABLE_DEBUG_INFO = YES;
				ONLY_ACTIVE_ARCH = YES;
				SDKROOT = iphoneos;
				SWIFT_ACTIVE_COMPILATION_CONDITIONS = DEBUG;
				SWIFT_OPTIMIZATION_LEVEL = "-Onone";
			};
			name = Debug;
		};
		BF89B84F1F68F56A00DCFFC5 /* Release */ = {
			isa = XCBuildConfiguration;
			buildSettings = {
				ALWAYS_SEARCH_USER_PATHS = NO;
				CLANG_ANALYZER_NONNULL = YES;
				CLANG_ANALYZER_NUMBER_OBJECT_CONVERSION = YES_AGGRESSIVE;
				CLANG_CXX_LANGUAGE_STANDARD = "gnu++14";
				CLANG_CXX_LIBRARY = "libc++";
				CLANG_ENABLE_MODULES = YES;
				CLANG_ENABLE_OBJC_ARC = YES;
				CLANG_WARN_BLOCK_CAPTURE_AUTORELEASING = YES;
				CLANG_WARN_BOOL_CONVERSION = YES;
				CLANG_WARN_COMMA = YES;
				CLANG_WARN_CONSTANT_CONVERSION = YES;
				CLANG_WARN_DIRECT_OBJC_ISA_USAGE = YES_ERROR;
				CLANG_WARN_DOCUMENTATION_COMMENTS = YES;
				CLANG_WARN_EMPTY_BODY = YES;
				CLANG_WARN_ENUM_CONVERSION = YES;
				CLANG_WARN_INFINITE_RECURSION = YES;
				CLANG_WARN_INT_CONVERSION = YES;
				CLANG_WARN_NON_LITERAL_NULL_CONVERSION = YES;
				CLANG_WARN_OBJC_LITERAL_CONVERSION = YES;
				CLANG_WARN_OBJC_ROOT_CLASS = YES_ERROR;
				CLANG_WARN_RANGE_LOOP_ANALYSIS = YES;
				CLANG_WARN_STRICT_PROTOTYPES = YES;
				CLANG_WARN_SUSPICIOUS_MOVE = YES;
				CLANG_WARN_UNGUARDED_AVAILABILITY = YES_AGGRESSIVE;
				CLANG_WARN_UNREACHABLE_CODE = YES;
				CLANG_WARN__DUPLICATE_METHOD_MATCH = YES;
				CODE_SIGN_IDENTITY = "iPhone Developer";
				COPY_PHASE_STRIP = NO;
				DEBUG_INFORMATION_FORMAT = "dwarf-with-dsym";
				ENABLE_NS_ASSERTIONS = NO;
				ENABLE_STRICT_OBJC_MSGSEND = YES;
				GCC_C_LANGUAGE_STANDARD = gnu11;
				GCC_NO_COMMON_BLOCKS = YES;
				GCC_WARN_64_TO_32_BIT_CONVERSION = YES;
				GCC_WARN_ABOUT_RETURN_TYPE = YES_ERROR;
				GCC_WARN_UNDECLARED_SELECTOR = YES;
				GCC_WARN_UNINITIALIZED_AUTOS = YES_AGGRESSIVE;
				GCC_WARN_UNUSED_FUNCTION = YES;
				GCC_WARN_UNUSED_VARIABLE = YES;
				IPHONEOS_DEPLOYMENT_TARGET = 11.0;
				MTL_ENABLE_DEBUG_INFO = NO;
				SDKROOT = iphoneos;
				SWIFT_OPTIMIZATION_LEVEL = "-Owholemodule";
				VALIDATE_PRODUCT = YES;
			};
			name = Release;
		};
		BF89B8511F68F56A00DCFFC5 /* Debug */ = {
			isa = XCBuildConfiguration;
			buildSettings = {
				ASSETCATALOG_COMPILER_APPICON_NAME = AppIcon;
				CODE_SIGN_STYLE = Automatic;
				DEVELOPMENT_TEAM = 5995Q48X5V;
				INFOPLIST_FILE = CarpeDiem/Info.plist;
				IPHONEOS_DEPLOYMENT_TARGET = 10.3;
				LD_RUNPATH_SEARCH_PATHS = "$(inherited) @executable_path/Frameworks";
				PRODUCT_BUNDLE_IDENTIFIER = com.betalantz.CarpeDiem;
				PRODUCT_NAME = "$(TARGET_NAME)";
				SWIFT_VERSION = 4.0;
				TARGETED_DEVICE_FAMILY = "1,2";
			};
			name = Debug;
		};
		BF89B8521F68F56A00DCFFC5 /* Release */ = {
			isa = XCBuildConfiguration;
			buildSettings = {
				ASSETCATALOG_COMPILER_APPICON_NAME = AppIcon;
				CODE_SIGN_STYLE = Automatic;
				DEVELOPMENT_TEAM = 5995Q48X5V;
				INFOPLIST_FILE = CarpeDiem/Info.plist;
				IPHONEOS_DEPLOYMENT_TARGET = 10.3;
				LD_RUNPATH_SEARCH_PATHS = "$(inherited) @executable_path/Frameworks";
				PRODUCT_BUNDLE_IDENTIFIER = com.betalantz.CarpeDiem;
				PRODUCT_NAME = "$(TARGET_NAME)";
				SWIFT_VERSION = 4.0;
				TARGETED_DEVICE_FAMILY = "1,2";
			};
			name = Release;
		};
		BF89B8541F68F56A00DCFFC5 /* Debug */ = {
			isa = XCBuildConfiguration;
			buildSettings = {
				ALWAYS_EMBED_SWIFT_STANDARD_LIBRARIES = YES;
				BUNDLE_LOADER = "$(TEST_HOST)";
				CODE_SIGN_STYLE = Automatic;
				DEVELOPMENT_TEAM = 5995Q48X5V;
				INFOPLIST_FILE = CarpeDiemTests/Info.plist;
				LD_RUNPATH_SEARCH_PATHS = "$(inherited) @executable_path/Frameworks @loader_path/Frameworks";
				PRODUCT_BUNDLE_IDENTIFIER = com.betalantz.CarpeDiemTests;
				PRODUCT_NAME = "$(TARGET_NAME)";
				SWIFT_VERSION = 4.0;
				TARGETED_DEVICE_FAMILY = "1,2";
				TEST_HOST = "$(BUILT_PRODUCTS_DIR)/CarpeDiem.app/CarpeDiem";
			};
			name = Debug;
		};
		BF89B8551F68F56A00DCFFC5 /* Release */ = {
			isa = XCBuildConfiguration;
			buildSettings = {
				ALWAYS_EMBED_SWIFT_STANDARD_LIBRARIES = YES;
				BUNDLE_LOADER = "$(TEST_HOST)";
				CODE_SIGN_STYLE = Automatic;
				DEVELOPMENT_TEAM = 5995Q48X5V;
				INFOPLIST_FILE = CarpeDiemTests/Info.plist;
				LD_RUNPATH_SEARCH_PATHS = "$(inherited) @executable_path/Frameworks @loader_path/Frameworks";
				PRODUCT_BUNDLE_IDENTIFIER = com.betalantz.CarpeDiemTests;
				PRODUCT_NAME = "$(TARGET_NAME)";
				SWIFT_VERSION = 4.0;
				TARGETED_DEVICE_FAMILY = "1,2";
				TEST_HOST = "$(BUILT_PRODUCTS_DIR)/CarpeDiem.app/CarpeDiem";
			};
			name = Release;
		};
		BF89B8571F68F56A00DCFFC5 /* Debug */ = {
			isa = XCBuildConfiguration;
			buildSettings = {
				ALWAYS_EMBED_SWIFT_STANDARD_LIBRARIES = YES;
				CODE_SIGN_STYLE = Automatic;
				DEVELOPMENT_TEAM = 5995Q48X5V;
				INFOPLIST_FILE = CarpeDiemUITests/Info.plist;
				LD_RUNPATH_SEARCH_PATHS = "$(inherited) @executable_path/Frameworks @loader_path/Frameworks";
				PRODUCT_BUNDLE_IDENTIFIER = com.betalantz.CarpeDiemUITests;
				PRODUCT_NAME = "$(TARGET_NAME)";
				SWIFT_VERSION = 4.0;
				TARGETED_DEVICE_FAMILY = "1,2";
				TEST_TARGET_NAME = CarpeDiem;
			};
			name = Debug;
		};
		BF89B8581F68F56A00DCFFC5 /* Release */ = {
			isa = XCBuildConfiguration;
			buildSettings = {
				ALWAYS_EMBED_SWIFT_STANDARD_LIBRARIES = YES;
				CODE_SIGN_STYLE = Automatic;
				DEVELOPMENT_TEAM = 5995Q48X5V;
				INFOPLIST_FILE = CarpeDiemUITests/Info.plist;
				LD_RUNPATH_SEARCH_PATHS = "$(inherited) @executable_path/Frameworks @loader_path/Frameworks";
				PRODUCT_BUNDLE_IDENTIFIER = com.betalantz.CarpeDiemUITests;
				PRODUCT_NAME = "$(TARGET_NAME)";
				SWIFT_VERSION = 4.0;
				TARGETED_DEVICE_FAMILY = "1,2";
				TEST_TARGET_NAME = CarpeDiem;
			};
			name = Release;
		};
/* End XCBuildConfiguration section */

/* Begin XCConfigurationList section */
		BF89B8231F68F56A00DCFFC5 /* Build configuration list for PBXProject "CarpeDiem" */ = {
			isa = XCConfigurationList;
			buildConfigurations = (
				BF89B84E1F68F56A00DCFFC5 /* Debug */,
				BF89B84F1F68F56A00DCFFC5 /* Release */,
			);
			defaultConfigurationIsVisible = 0;
			defaultConfigurationName = Release;
		};
		BF89B8501F68F56A00DCFFC5 /* Build configuration list for PBXNativeTarget "CarpeDiem" */ = {
			isa = XCConfigurationList;
			buildConfigurations = (
				BF89B8511F68F56A00DCFFC5 /* Debug */,
				BF89B8521F68F56A00DCFFC5 /* Release */,
			);
			defaultConfigurationIsVisible = 0;
			defaultConfigurationName = Release;
		};
		BF89B8531F68F56A00DCFFC5 /* Build configuration list for PBXNativeTarget "CarpeDiemTests" */ = {
			isa = XCConfigurationList;
			buildConfigurations = (
				BF89B8541F68F56A00DCFFC5 /* Debug */,
				BF89B8551F68F56A00DCFFC5 /* Release */,
			);
			defaultConfigurationIsVisible = 0;
			defaultConfigurationName = Release;
		};
		BF89B8561F68F56A00DCFFC5 /* Build configuration list for PBXNativeTarget "CarpeDiemUITests" */ = {
			isa = XCConfigurationList;
			buildConfigurations = (
				BF89B8571F68F56A00DCFFC5 /* Debug */,
				BF89B8581F68F56A00DCFFC5 /* Release */,
			);
			defaultConfigurationIsVisible = 0;
			defaultConfigurationName = Release;
		};
/* End XCConfigurationList section */

/* Begin XCVersionGroup section */
		BF89B89F1F6A3C7400DCFFC5 /* CarpeDiem.xcdatamodeld */ = {
			isa = XCVersionGroup;
			children = (
				BF89B8A01F6A3C7400DCFFC5 /* CarpeDiem.xcdatamodel */,
			);
			currentVersion = BF89B8A01F6A3C7400DCFFC5 /* CarpeDiem.xcdatamodel */;
			path = CarpeDiem.xcdatamodeld;
			sourceTree = "<group>";
			versionGroupType = wrapper.xcdatamodel;
		};
/* End XCVersionGroup section */
	};
	rootObject = BF89B8201F68F56A00DCFFC5 /* Project object */;
}
