// !$*UTF8*$!
{
	archiveVersion = 1;
	classes = {
	};
	objectVersion = 48;
	objects = {

/* Begin PBXBuildFile section */
		BFC03D401F626AE100BAE258 /* AppDelegate.swift in Sources */ = {isa = PBXBuildFile; fileRef = BFC03D3F1F626AE100BAE258 /* AppDelegate.swift */; };
		BFC03D421F626AE100BAE258 /* ViewController.swift in Sources */ = {isa = PBXBuildFile; fileRef = BFC03D411F626AE100BAE258 /* ViewController.swift */; };
		BFC03D451F626AE100BAE258 /* Main.storyboard in Resources */ = {isa = PBXBuildFile; fileRef = BFC03D431F626AE100BAE258 /* Main.storyboard */; };
		BFC03D471F626AE100BAE258 /* Assets.xcassets in Resources */ = {isa = PBXBuildFile; fileRef = BFC03D461F626AE100BAE258 /* Assets.xcassets */; };
		BFC03D4A1F626AE100BAE258 /* LaunchScreen.storyboard in Resources */ = {isa = PBXBuildFile; fileRef = BFC03D481F626AE100BAE258 /* LaunchScreen.storyboard */; };
		BFC03D551F626AE100BAE258 /* TicTacToeTests.swift in Sources */ = {isa = PBXBuildFile; fileRef = BFC03D541F626AE100BAE258 /* TicTacToeTests.swift */; };
		BFC03D601F626AE100BAE258 /* TicTacToeUITests.swift in Sources */ = {isa = PBXBuildFile; fileRef = BFC03D5F1F626AE100BAE258 /* TicTacToeUITests.swift */; };
/* End PBXBuildFile section */

/* Begin PBXContainerItemProxy section */
		BFC03D511F626AE100BAE258 /* PBXContainerItemProxy */ = {
			isa = PBXContainerItemProxy;
			containerPortal = BFC03D341F626AE100BAE258 /* Project object */;
			proxyType = 1;
			remoteGlobalIDString = BFC03D3B1F626AE100BAE258;
			remoteInfo = TicTacToe;
		};
		BFC03D5C1F626AE100BAE258 /* PBXContainerItemProxy */ = {
			isa = PBXContainerItemProxy;
			containerPortal = BFC03D341F626AE100BAE258 /* Project object */;
			proxyType = 1;
			remoteGlobalIDString = BFC03D3B1F626AE100BAE258;
			remoteInfo = TicTacToe;
		};
/* End PBXContainerItemProxy section */

/* Begin PBXFileReference section */
		BFC03D3C1F626AE100BAE258 /* TicTacToe.app */ = {isa = PBXFileReference; explicitFileType = wrapper.application; includeInIndex = 0; path = TicTacToe.app; sourceTree = BUILT_PRODUCTS_DIR; };
		BFC03D3F1F626AE100BAE258 /* AppDelegate.swift */ = {isa = PBXFileReference; lastKnownFileType = sourcecode.swift; path = AppDelegate.swift; sourceTree = "<group>"; };
		BFC03D411F626AE100BAE258 /* ViewController.swift */ = {isa = PBXFileReference; lastKnownFileType = sourcecode.swift; path = ViewController.swift; sourceTree = "<group>"; };
		BFC03D441F626AE100BAE258 /* Base */ = {isa = PBXFileReference; lastKnownFileType = file.storyboard; name = Base; path = Base.lproj/Main.storyboard; sourceTree = "<group>"; };
		BFC03D461F626AE100BAE258 /* Assets.xcassets */ = {isa = PBXFileReference; lastKnownFileType = folder.assetcatalog; path = Assets.xcassets; sourceTree = "<group>"; };
		BFC03D491F626AE100BAE258 /* Base */ = {isa = PBXFileReference; lastKnownFileType = file.storyboard; name = Base; path = Base.lproj/LaunchScreen.storyboard; sourceTree = "<group>"; };
		BFC03D4B1F626AE100BAE258 /* Info.plist */ = {isa = PBXFileReference; lastKnownFileType = text.plist.xml; path = Info.plist; sourceTree = "<group>"; };
		BFC03D501F626AE100BAE258 /* TicTacToeTests.xctest */ = {isa = PBXFileReference; explicitFileType = wrapper.cfbundle; includeInIndex = 0; path = TicTacToeTests.xctest; sourceTree = BUILT_PRODUCTS_DIR; };
		BFC03D541F626AE100BAE258 /* TicTacToeTests.swift */ = {isa = PBXFileReference; lastKnownFileType = sourcecode.swift; path = TicTacToeTests.swift; sourceTree = "<group>"; };
		BFC03D561F626AE100BAE258 /* Info.plist */ = {isa = PBXFileReference; lastKnownFileType = text.plist.xml; path = Info.plist; sourceTree = "<group>"; };
		BFC03D5B1F626AE100BAE258 /* TicTacToeUITests.xctest */ = {isa = PBXFileReference; explicitFileType = wrapper.cfbundle; includeInIndex = 0; path = TicTacToeUITests.xctest; sourceTree = BUILT_PRODUCTS_DIR; };
		BFC03D5F1F626AE100BAE258 /* TicTacToeUITests.swift */ = {isa = PBXFileReference; lastKnownFileType = sourcecode.swift; path = TicTacToeUITests.swift; sourceTree = "<group>"; };
		BFC03D611F626AE100BAE258 /* Info.plist */ = {isa = PBXFileReference; lastKnownFileType = text.plist.xml; path = Info.plist; sourceTree = "<group>"; };
/* End PBXFileReference section */

/* Begin PBXFrameworksBuildPhase section */
		BFC03D391F626AE100BAE258 /* Frameworks */ = {
			isa = PBXFrameworksBuildPhase;
			buildActionMask = 2147483647;
			files = (
			);
			runOnlyForDeploymentPostprocessing = 0;
		};
		BFC03D4D1F626AE100BAE258 /* Frameworks */ = {
			isa = PBXFrameworksBuildPhase;
			buildActionMask = 2147483647;
			files = (
			);
			runOnlyForDeploymentPostprocessing = 0;
		};
		BFC03D581F626AE100BAE258 /* Frameworks */ = {
			isa = PBXFrameworksBuildPhase;
			buildActionMask = 2147483647;
			files = (
			);
			runOnlyForDeploymentPostprocessing = 0;
		};
/* End PBXFrameworksBuildPhase section */

/* Begin PBXGroup section */
		BFC03D331F626AE100BAE258 = {
			isa = PBXGroup;
			children = (
				BFC03D3E1F626AE100BAE258 /* TicTacToe */,
				BFC03D531F626AE100BAE258 /* TicTacToeTests */,
				BFC03D5E1F626AE100BAE258 /* TicTacToeUITests */,
				BFC03D3D1F626AE100BAE258 /* Products */,
			);
			sourceTree = "<group>";
		};
		BFC03D3D1F626AE100BAE258 /* Products */ = {
			isa = PBXGroup;
			children = (
				BFC03D3C1F626AE100BAE258 /* TicTacToe.app */,
				BFC03D501F626AE100BAE258 /* TicTacToeTests.xctest */,
				BFC03D5B1F626AE100BAE258 /* TicTacToeUITests.xctest */,
			);
			name = Products;
			sourceTree = "<group>";
		};
		BFC03D3E1F626AE100BAE258 /* TicTacToe */ = {
			isa = PBXGroup;
			children = (
				BFC03D3F1F626AE100BAE258 /* AppDelegate.swift */,
				BFC03D411F626AE100BAE258 /* ViewController.swift */,
				BFC03D431F626AE100BAE258 /* Main.storyboard */,
				BFC03D461F626AE100BAE258 /* Assets.xcassets */,
				BFC03D481F626AE100BAE258 /* LaunchScreen.storyboard */,
				BFC03D4B1F626AE100BAE258 /* Info.plist */,
			);
			path = TicTacToe;
			sourceTree = "<group>";
		};
		BFC03D531F626AE100BAE258 /* TicTacToeTests */ = {
			isa = PBXGroup;
			children = (
				BFC03D541F626AE100BAE258 /* TicTacToeTests.swift */,
				BFC03D561F626AE100BAE258 /* Info.plist */,
			);
			path = TicTacToeTests;
			sourceTree = "<group>";
		};
		BFC03D5E1F626AE100BAE258 /* TicTacToeUITests */ = {
			isa = PBXGroup;
			children = (
				BFC03D5F1F626AE100BAE258 /* TicTacToeUITests.swift */,
				BFC03D611F626AE100BAE258 /* Info.plist */,
			);
			path = TicTacToeUITests;
			sourceTree = "<group>";
		};
/* End PBXGroup section */

/* Begin PBXNativeTarget section */
		BFC03D3B1F626AE100BAE258 /* TicTacToe */ = {
			isa = PBXNativeTarget;
			buildConfigurationList = BFC03D641F626AE100BAE258 /* Build configuration list for PBXNativeTarget "TicTacToe" */;
			buildPhases = (
				BFC03D381F626AE100BAE258 /* Sources */,
				BFC03D391F626AE100BAE258 /* Frameworks */,
				BFC03D3A1F626AE100BAE258 /* Resources */,
			);
			buildRules = (
			);
			dependencies = (
			);
			name = TicTacToe;
			productName = TicTacToe;
			productReference = BFC03D3C1F626AE100BAE258 /* TicTacToe.app */;
			productType = "com.apple.product-type.application";
		};
		BFC03D4F1F626AE100BAE258 /* TicTacToeTests */ = {
			isa = PBXNativeTarget;
			buildConfigurationList = BFC03D671F626AE100BAE258 /* Build configuration list for PBXNativeTarget "TicTacToeTests" */;
			buildPhases = (
				BFC03D4C1F626AE100BAE258 /* Sources */,
				BFC03D4D1F626AE100BAE258 /* Frameworks */,
				BFC03D4E1F626AE100BAE258 /* Resources */,
			);
			buildRules = (
			);
			dependencies = (
				BFC03D521F626AE100BAE258 /* PBXTargetDependency */,
			);
			name = TicTacToeTests;
			productName = TicTacToeTests;
			productReference = BFC03D501F626AE100BAE258 /* TicTacToeTests.xctest */;
			productType = "com.apple.product-type.bundle.unit-test";
		};
		BFC03D5A1F626AE100BAE258 /* TicTacToeUITests */ = {
			isa = PBXNativeTarget;
			buildConfigurationList = BFC03D6A1F626AE100BAE258 /* Build configuration list for PBXNativeTarget "TicTacToeUITests" */;
			buildPhases = (
				BFC03D571F626AE100BAE258 /* Sources */,
				BFC03D581F626AE100BAE258 /* Frameworks */,
				BFC03D591F626AE100BAE258 /* Resources */,
			);
			buildRules = (
			);
			dependencies = (
				BFC03D5D1F626AE100BAE258 /* PBXTargetDependency */,
			);
			name = TicTacToeUITests;
			productName = TicTacToeUITests;
			productReference = BFC03D5B1F626AE100BAE258 /* TicTacToeUITests.xctest */;
			productType = "com.apple.product-type.bundle.ui-testing";
		};
/* End PBXNativeTarget section */

/* Begin PBXProject section */
		BFC03D341F626AE100BAE258 /* Project object */ = {
			isa = PBXProject;
			attributes = {
				LastSwiftUpdateCheck = 0900;
				LastUpgradeCheck = 0900;
				ORGANIZATIONNAME = Betalantz;
				TargetAttributes = {
					BFC03D3B1F626AE100BAE258 = {
						CreatedOnToolsVersion = 9.0;
						ProvisioningStyle = Automatic;
					};
					BFC03D4F1F626AE100BAE258 = {
						CreatedOnToolsVersion = 9.0;
						ProvisioningStyle = Automatic;
						TestTargetID = BFC03D3B1F626AE100BAE258;
					};
					BFC03D5A1F626AE100BAE258 = {
						CreatedOnToolsVersion = 9.0;
						ProvisioningStyle = Automatic;
						TestTargetID = BFC03D3B1F626AE100BAE258;
					};
				};
			};
			buildConfigurationList = BFC03D371F626AE100BAE258 /* Build configuration list for PBXProject "TicTacToe" */;
			compatibilityVersion = "Xcode 8.0";
			developmentRegion = en;
			hasScannedForEncodings = 0;
			knownRegions = (
				en,
				Base,
			);
			mainGroup = BFC03D331F626AE100BAE258;
			productRefGroup = BFC03D3D1F626AE100BAE258 /* Products */;
			projectDirPath = "";
			projectRoot = "";
			targets = (
				BFC03D3B1F626AE100BAE258 /* TicTacToe */,
				BFC03D4F1F626AE100BAE258 /* TicTacToeTests */,
				BFC03D5A1F626AE100BAE258 /* TicTacToeUITests */,
			);
		};
/* End PBXProject section */

/* Begin PBXResourcesBuildPhase section */
		BFC03D3A1F626AE100BAE258 /* Resources */ = {
			isa = PBXResourcesBuildPhase;
			buildActionMask = 2147483647;
			files = (
				BFC03D4A1F626AE100BAE258 /* LaunchScreen.storyboard in Resources */,
				BFC03D471F626AE100BAE258 /* Assets.xcassets in Resources */,
				BFC03D451F626AE100BAE258 /* Main.storyboard in Resources */,
			);
			runOnlyForDeploymentPostprocessing = 0;
		};
		BFC03D4E1F626AE100BAE258 /* Resources */ = {
			isa = PBXResourcesBuildPhase;
			buildActionMask = 2147483647;
			files = (
			);
			runOnlyForDeploymentPostprocessing = 0;
		};
		BFC03D591F626AE100BAE258 /* Resources */ = {
			isa = PBXResourcesBuildPhase;
			buildActionMask = 2147483647;
			files = (
			);
			runOnlyForDeploymentPostprocessing = 0;
		};
/* End PBXResourcesBuildPhase section */

/* Begin PBXSourcesBuildPhase section */
		BFC03D381F626AE100BAE258 /* Sources */ = {
			isa = PBXSourcesBuildPhase;
			buildActionMask = 2147483647;
			files = (
				BFC03D421F626AE100BAE258 /* ViewController.swift in Sources */,
				BFC03D401F626AE100BAE258 /* AppDelegate.swift in Sources */,
			);
			runOnlyForDeploymentPostprocessing = 0;
		};
		BFC03D4C1F626AE100BAE258 /* Sources */ = {
			isa = PBXSourcesBuildPhase;
			buildActionMask = 2147483647;
			files = (
				BFC03D551F626AE100BAE258 /* TicTacToeTests.swift in Sources */,
			);
			runOnlyForDeploymentPostprocessing = 0;
		};
		BFC03D571F626AE100BAE258 /* Sources */ = {
			isa = PBXSourcesBuildPhase;
			buildActionMask = 2147483647;
			files = (
				BFC03D601F626AE100BAE258 /* TicTacToeUITests.swift in Sources */,
			);
			runOnlyForDeploymentPostprocessing = 0;
		};
/* End PBXSourcesBuildPhase section */

/* Begin PBXTargetDependency section */
		BFC03D521F626AE100BAE258 /* PBXTargetDependency */ = {
			isa = PBXTargetDependency;
			target = BFC03D3B1F626AE100BAE258 /* TicTacToe */;
			targetProxy = BFC03D511F626AE100BAE258 /* PBXContainerItemProxy */;
		};
		BFC03D5D1F626AE100BAE258 /* PBXTargetDependency */ = {
			isa = PBXTargetDependency;
			target = BFC03D3B1F626AE100BAE258 /* TicTacToe */;
			targetProxy = BFC03D5C1F626AE100BAE258 /* PBXContainerItemProxy */;
		};
/* End PBXTargetDependency section */

/* Begin PBXVariantGroup section */
		BFC03D431F626AE100BAE258 /* Main.storyboard */ = {
			isa = PBXVariantGroup;
			children = (
				BFC03D441F626AE100BAE258 /* Base */,
			);
			name = Main.storyboard;
			sourceTree = "<group>";
		};
		BFC03D481F626AE100BAE258 /* LaunchScreen.storyboard */ = {
			isa = PBXVariantGroup;
			children = (
				BFC03D491F626AE100BAE258 /* Base */,
			);
			name = LaunchScreen.storyboard;
			sourceTree = "<group>";
		};
/* End PBXVariantGroup section */

/* Begin XCBuildConfiguration section */
		BFC03D621F626AE100BAE258 /* Debug */ = {
			isa = XCBuildConfiguration;
			buildSettings = {
				ALWAYS_SEARCH_USER_PATHS = NO;
				CLANG_ANALYZER_NONNULL = YES;
				CLANG_ANALYZER_NUMBER_OBJECT_CONVERSION = YES_AGGRESSIVE;
				CLANG_CXX_LANGUAGE_STANDARD = "gnu++14";
				CLANG_CXX_LIBRARY = "libc++";
				CLANG_ENABLE_MODULES = YES;
				CLANG_ENABLE_OBJC_ARC = YES;
				CLANG_WARN_BLOCK_CAPTURE_AUTORELEASING = YES;
				CLANG_WARN_BOOL_CONVERSION = YES;
				CLANG_WARN_COMMA = YES;
				CLANG_WARN_CONSTANT_CONVERSION = YES;
				CLANG_WARN_DIRECT_OBJC_ISA_USAGE = YES_ERROR;
				CLANG_WARN_DOCUMENTATION_COMMENTS = YES;
				CLANG_WARN_EMPTY_BODY = YES;
				CLANG_WARN_ENUM_CONVERSION = YES;
				CLANG_WARN_INFINITE_RECURSION = YES;
				CLANG_WARN_INT_CONVERSION = YES;
				CLANG_WARN_NON_LITERAL_NULL_CONVERSION = YES;
				CLANG_WARN_OBJC_LITERAL_CONVERSION = YES;
				CLANG_WARN_OBJC_ROOT_CLASS = YES_ERROR;
				CLANG_WARN_RANGE_LOOP_ANALYSIS = YES;
				CLANG_WARN_STRICT_PROTOTYPES = YES;
				CLANG_WARN_SUSPICIOUS_MOVE = YES;
				CLANG_WARN_UNGUARDED_AVAILABILITY = YES_AGGRESSIVE;
				CLANG_WARN_UNREACHABLE_CODE = YES;
				CLANG_WARN__DUPLICATE_METHOD_MATCH = YES;
				CODE_SIGN_IDENTITY = "iPhone Developer";
				COPY_PHASE_STRIP = NO;
				DEBUG_INFORMATION_FORMAT = dwarf;
				ENABLE_STRICT_OBJC_MSGSEND = YES;
				ENABLE_TESTABILITY = YES;
				GCC_C_LANGUAGE_STANDARD = gnu11;
				GCC_DYNAMIC_NO_PIC = NO;
				GCC_NO_COMMON_BLOCKS = YES;
				GCC_OPTIMIZATION_LEVEL = 0;
				GCC_PREPROCESSOR_DEFINITIONS = (
					"DEBUG=1",
					"$(inherited)",
				);
				GCC_WARN_64_TO_32_BIT_CONVERSION = YES;
				GCC_WARN_ABOUT_RETURN_TYPE = YES_ERROR;
				GCC_WARN_UNDECLARED_SELECTOR = YES;
				GCC_WARN_UNINITIALIZED_AUTOS = YES_AGGRESSIVE;
				GCC_WARN_UNUSED_FUNCTION = YES;
				GCC_WARN_UNUSED_VARIABLE = YES;
				IPHONEOS_DEPLOYMENT_TARGET = 11.0;
				MTL_ENABLE_DEBUG_INFO = YES;
				ONLY_ACTIVE_ARCH = YES;
				SDKROOT = iphoneos;
				SWIFT_ACTIVE_COMPILATION_CONDITIONS = DEBUG;
				SWIFT_OPTIMIZATION_LEVEL = "-Onone";
			};
			name = Debug;
		};
		BFC03D631F626AE100BAE258 /* Release */ = {
			isa = XCBuildConfiguration;
			buildSettings = {
				ALWAYS_SEARCH_USER_PATHS = NO;
				CLANG_ANALYZER_NONNULL = YES;
				CLANG_ANALYZER_NUMBER_OBJECT_CONVERSION = YES_AGGRESSIVE;
				CLANG_CXX_LANGUAGE_STANDARD = "gnu++14";
				CLANG_CXX_LIBRARY = "libc++";
				CLANG_ENABLE_MODULES = YES;
				CLANG_ENABLE_OBJC_ARC = YES;
				CLANG_WARN_BLOCK_CAPTURE_AUTORELEASING = YES;
				CLANG_WARN_BOOL_CONVERSION = YES;
				CLANG_WARN_COMMA = YES;
				CLANG_WARN_CONSTANT_CONVERSION = YES;
				CLANG_WARN_DIRECT_OBJC_ISA_USAGE = YES_ERROR;
				CLANG_WARN_DOCUMENTATION_COMMENTS = YES;
				CLANG_WARN_EMPTY_BODY = YES;
				CLANG_WARN_ENUM_CONVERSION = YES;
				CLANG_WARN_INFINITE_RECURSION = YES;
				CLANG_WARN_INT_CONVERSION = YES;
				CLANG_WARN_NON_LITERAL_NULL_CONVERSION = YES;
				CLANG_WARN_OBJC_LITERAL_CONVERSION = YES;
				CLANG_WARN_OBJC_ROOT_CLASS = YES_ERROR;
				CLANG_WARN_RANGE_LOOP_ANALYSIS = YES;
				CLANG_WARN_STRICT_PROTOTYPES = YES;
				CLANG_WARN_SUSPICIOUS_MOVE = YES;
				CLANG_WARN_UNGUARDED_AVAILABILITY = YES_AGGRESSIVE;
				CLANG_WARN_UNREACHABLE_CODE = YES;
				CLANG_WARN__DUPLICATE_METHOD_MATCH = YES;
				CODE_SIGN_IDENTITY = "iPhone Developer";
				COPY_PHASE_STRIP = NO;
				DEBUG_INFORMATION_FORMAT = "dwarf-with-dsym";
				ENABLE_NS_ASSERTIONS = NO;
				ENABLE_STRICT_OBJC_MSGSEND = YES;
				GCC_C_LANGUAGE_STANDARD = gnu11;
				GCC_NO_COMMON_BLOCKS = YES;
				GCC_WARN_64_TO_32_BIT_CONVERSION = YES;
				GCC_WARN_ABOUT_RETURN_TYPE = YES_ERROR;
				GCC_WARN_UNDECLARED_SELECTOR = YES;
				GCC_WARN_UNINITIALIZED_AUTOS = YES_AGGRESSIVE;
				GCC_WARN_UNUSED_FUNCTION = YES;
				GCC_WARN_UNUSED_VARIABLE = YES;
				IPHONEOS_DEPLOYMENT_TARGET = 11.0;
				MTL_ENABLE_DEBUG_INFO = NO;
				SDKROOT = iphoneos;
				SWIFT_OPTIMIZATION_LEVEL = "-Owholemodule";
				VALIDATE_PRODUCT = YES;
			};
			name = Release;
		};
		BFC03D651F626AE100BAE258 /* Debug */ = {
			isa = XCBuildConfiguration;
			buildSettings = {
				ASSETCATALOG_COMPILER_APPICON_NAME = AppIcon;
				CODE_SIGN_STYLE = Automatic;
				DEVELOPMENT_TEAM = 5995Q48X5V;
				INFOPLIST_FILE = TicTacToe/Info.plist;
				IPHONEOS_DEPLOYMENT_TARGET = 10.3;
				LD_RUNPATH_SEARCH_PATHS = "$(inherited) @executable_path/Frameworks";
				PRODUCT_BUNDLE_IDENTIFIER = com.betalantz.TicTacToe;
				PRODUCT_NAME = "$(TARGET_NAME)";
				SWIFT_VERSION = 4.0;
				TARGETED_DEVICE_FAMILY = "1,2";
			};
			name = Debug;
		};
		BFC03D661F626AE100BAE258 /* Release */ = {
			isa = XCBuildConfiguration;
			buildSettings = {
				ASSETCATALOG_COMPILER_APPICON_NAME = AppIcon;
				CODE_SIGN_STYLE = Automatic;
				DEVELOPMENT_TEAM = 5995Q48X5V;
				INFOPLIST_FILE = TicTacToe/Info.plist;
				IPHONEOS_DEPLOYMENT_TARGET = 10.3;
				LD_RUNPATH_SEARCH_PATHS = "$(inherited) @executable_path/Frameworks";
				PRODUCT_BUNDLE_IDENTIFIER = com.betalantz.TicTacToe;
				PRODUCT_NAME = "$(TARGET_NAME)";
				SWIFT_VERSION = 4.0;
				TARGETED_DEVICE_FAMILY = "1,2";
			};
			name = Release;
		};
		BFC03D681F626AE100BAE258 /* Debug */ = {
			isa = XCBuildConfiguration;
			buildSettings = {
				ALWAYS_EMBED_SWIFT_STANDARD_LIBRARIES = YES;
				BUNDLE_LOADER = "$(TEST_HOST)";
				CODE_SIGN_STYLE = Automatic;
				DEVELOPMENT_TEAM = 5995Q48X5V;
				INFOPLIST_FILE = TicTacToeTests/Info.plist;
				LD_RUNPATH_SEARCH_PATHS = "$(inherited) @executable_path/Frameworks @loader_path/Frameworks";
				PRODUCT_BUNDLE_IDENTIFIER = com.betalantz.TicTacToeTests;
				PRODUCT_NAME = "$(TARGET_NAME)";
				SWIFT_VERSION = 4.0;
				TARGETED_DEVICE_FAMILY = "1,2";
				TEST_HOST = "$(BUILT_PRODUCTS_DIR)/TicTacToe.app/TicTacToe";
			};
			name = Debug;
		};
		BFC03D691F626AE100BAE258 /* Release */ = {
			isa = XCBuildConfiguration;
			buildSettings = {
				ALWAYS_EMBED_SWIFT_STANDARD_LIBRARIES = YES;
				BUNDLE_LOADER = "$(TEST_HOST)";
				CODE_SIGN_STYLE = Automatic;
				DEVELOPMENT_TEAM = 5995Q48X5V;
				INFOPLIST_FILE = TicTacToeTests/Info.plist;
				LD_RUNPATH_SEARCH_PATHS = "$(inherited) @executable_path/Frameworks @loader_path/Frameworks";
				PRODUCT_BUNDLE_IDENTIFIER = com.betalantz.TicTacToeTests;
				PRODUCT_NAME = "$(TARGET_NAME)";
				SWIFT_VERSION = 4.0;
				TARGETED_DEVICE_FAMILY = "1,2";
				TEST_HOST = "$(BUILT_PRODUCTS_DIR)/TicTacToe.app/TicTacToe";
			};
			name = Release;
		};
		BFC03D6B1F626AE100BAE258 /* Debug */ = {
			isa = XCBuildConfiguration;
			buildSettings = {
				ALWAYS_EMBED_SWIFT_STANDARD_LIBRARIES = YES;
				CODE_SIGN_STYLE = Automatic;
				DEVELOPMENT_TEAM = 5995Q48X5V;
				INFOPLIST_FILE = TicTacToeUITests/Info.plist;
				LD_RUNPATH_SEARCH_PATHS = "$(inherited) @executable_path/Frameworks @loader_path/Frameworks";
				PRODUCT_BUNDLE_IDENTIFIER = com.betalantz.TicTacToeUITests;
				PRODUCT_NAME = "$(TARGET_NAME)";
				SWIFT_VERSION = 4.0;
				TARGETED_DEVICE_FAMILY = "1,2";
				TEST_TARGET_NAME = TicTacToe;
			};
			name = Debug;
		};
		BFC03D6C1F626AE100BAE258 /* Release */ = {
			isa = XCBuildConfiguration;
			buildSettings = {
				ALWAYS_EMBED_SWIFT_STANDARD_LIBRARIES = YES;
				CODE_SIGN_STYLE = Automatic;
				DEVELOPMENT_TEAM = 5995Q48X5V;
				INFOPLIST_FILE = TicTacToeUITests/Info.plist;
				LD_RUNPATH_SEARCH_PATHS = "$(inherited) @executable_path/Frameworks @loader_path/Frameworks";
				PRODUCT_BUNDLE_IDENTIFIER = com.betalantz.TicTacToeUITests;
				PRODUCT_NAME = "$(TARGET_NAME)";
				SWIFT_VERSION = 4.0;
				TARGETED_DEVICE_FAMILY = "1,2";
				TEST_TARGET_NAME = TicTacToe;
			};
			name = Release;
		};
/* End XCBuildConfiguration section */

/* Begin XCConfigurationList section */
		BFC03D371F626AE100BAE258 /* Build configuration list for PBXProject "TicTacToe" */ = {
			isa = XCConfigurationList;
			buildConfigurations = (
				BFC03D621F626AE100BAE258 /* Debug */,
				BFC03D631F626AE100BAE258 /* Release */,
			);
			defaultConfigurationIsVisible = 0;
			defaultConfigurationName = Release;
		};
		BFC03D641F626AE100BAE258 /* Build configuration list for PBXNativeTarget "TicTacToe" */ = {
			isa = XCConfigurationList;
			buildConfigurations = (
				BFC03D651F626AE100BAE258 /* Debug */,
				BFC03D661F626AE100BAE258 /* Release */,
			);
			defaultConfigurationIsVisible = 0;
			defaultConfigurationName = Release;
		};
		BFC03D671F626AE100BAE258 /* Build configuration list for PBXNativeTarget "TicTacToeTests" */ = {
			isa = XCConfigurationList;
			buildConfigurations = (
				BFC03D681F626AE100BAE258 /* Debug */,
				BFC03D691F626AE100BAE258 /* Release */,
			);
			defaultConfigurationIsVisible = 0;
			defaultConfigurationName = Release;
		};
		BFC03D6A1F626AE100BAE258 /* Build configuration list for PBXNativeTarget "TicTacToeUITests" */ = {
			isa = XCConfigurationList;
			buildConfigurations = (
				BFC03D6B1F626AE100BAE258 /* Debug */,
				BFC03D6C1F626AE100BAE258 /* Release */,
			);
			defaultConfigurationIsVisible = 0;
			defaultConfigurationName = Release;
		};
/* End XCConfigurationList section */
	};
	rootObject = BFC03D341F626AE100BAE258 /* Project object */;
}
